// !$*UTF8*$!
{
	archiveVersion = 1;
	classes = {
	};
	objectVersion = 46;
	objects = {

/* Begin PBXBuildFile section */
		03223F311096BEA000A60416 /* Bugs.framework in Frameworks */ = {isa = PBXBuildFile; fileRef = 03496D811096BE37009BD558 /* Bugs.framework */; };
		0381D59E108671C600072A80 /* UpdateGenePresenceOperation.m in Sources */ = {isa = PBXBuildFile; fileRef = 0381D5951086700D00072A80 /* UpdateGenePresenceOperation.m */; };
		0381D6621086814600072A80 /* BugNeighborhoodView.m in Sources */ = {isa = PBXBuildFile; fileRef = 0381D6611086814600072A80 /* BugNeighborhoodView.m */; };
		0381D6651086816700072A80 /* GeneDistributionView.m in Sources */ = {isa = PBXBuildFile; fileRef = 0381D6641086816700072A80 /* GeneDistributionView.m */; };
		0381D6681086817600072A80 /* HSVColorSquare.m in Sources */ = {isa = PBXBuildFile; fileRef = 0381D6671086817600072A80 /* HSVColorSquare.m */; };
		0381D66F1086827D00072A80 /* BugsColoringWindowController.m in Sources */ = {isa = PBXBuildFile; fileRef = 0381D66E1086827D00072A80 /* BugsColoringWindowController.m */; };
		0381D6711086828A00072A80 /* BugsColoringWindowController.xib in Resources */ = {isa = PBXBuildFile; fileRef = 0381D6701086828A00072A80 /* BugsColoringWindowController.xib */; };
		03E2CCBA0E2729340077196A /* WorldView.m in Sources */ = {isa = PBXBuildFile; fileRef = 03E2CCB90E2729340077196A /* WorldView.m */; };
		03E2CCC40E2729460077196A /* BugsStatistics.m in Sources */ = {isa = PBXBuildFile; fileRef = 03E2CCBD0E2729460077196A /* BugsStatistics.m */; };
		03E2CCC50E2729460077196A /* Bug.m in Sources */ = {isa = PBXBuildFile; fileRef = 03E2CCBF0E2729460077196A /* Bug.m */; };
		03E2CCC60E2729460077196A /* Cell.m in Sources */ = {isa = PBXBuildFile; fileRef = 03E2CCC10E2729460077196A /* Cell.m */; };
		03E2CCC70E2729460077196A /* World.m in Sources */ = {isa = PBXBuildFile; fileRef = 03E2CCC30E2729460077196A /* World.m */; };
		03E2CCCA0E2729800077196A /* PackardBugs.plist in Resources */ = {isa = PBXBuildFile; fileRef = 03E2CCC90E2729800077196A /* PackardBugs.plist */; };
		03E2CD760E272F910077196A /* BugsController.m in Sources */ = {isa = PBXBuildFile; fileRef = 03E2CD750E272F910077196A /* BugsController.m */; };
		8D5B49B0048680CD000E48DA /* InfoPlist.strings in Resources */ = {isa = PBXBuildFile; fileRef = 089C167DFE841241C02AAC07 /* InfoPlist.strings */; };
		8D5B49B4048680CD000E48DA /* Cocoa.framework in Frameworks */ = {isa = PBXBuildFile; fileRef = 1058C7ADFEA557BF11CA2CBB /* Cocoa.framework */; };
/* End PBXBuildFile section */

/* Begin PBXContainerItemProxy section */
		03223FBF1096C26900A60416 /* PBXContainerItemProxy */ = {
			isa = PBXContainerItemProxy;
			containerPortal = 03496D7C1096BE36009BD558 /* BugsFramework.xcodeproj */;
			proxyType = 1;
			remoteGlobalIDString = 8DC2EF4F0486A6940098B216;
			remoteInfo = Bugs;
		};
		03496D801096BE37009BD558 /* PBXContainerItemProxy */ = {
			isa = PBXContainerItemProxy;
			containerPortal = 03496D7C1096BE36009BD558 /* BugsFramework.xcodeproj */;
			proxyType = 2;
			remoteGlobalIDString = 8DC2EF5B0486A6940098B216;
			remoteInfo = BugsFramework;
		};
/* End PBXContainerItemProxy section */

/* Begin PBXFileReference section */
		03496D7C1096BE36009BD558 /* BugsFramework.xcodeproj */ = {isa = PBXFileReference; lastKnownFileType = "wrapper.pb-project"; name = BugsFramework.xcodeproj; path = ../../BugsFramework/BugsFramework.xcodeproj; sourceTree = SOURCE_ROOT; };
		0381D5941086700D00072A80 /* UpdateGenePresenceOperation.h */ = {isa = PBXFileReference; fileEncoding = 4; lastKnownFileType = sourcecode.c.h; path = UpdateGenePresenceOperation.h; sourceTree = "<group>"; };
		0381D5951086700D00072A80 /* UpdateGenePresenceOperation.m */ = {isa = PBXFileReference; fileEncoding = 4; lastKnownFileType = sourcecode.c.objc; path = UpdateGenePresenceOperation.m; sourceTree = "<group>"; };
		0381D6601086814600072A80 /* BugNeighborhoodView.h */ = {isa = PBXFileReference; fileEncoding = 4; lastKnownFileType = sourcecode.c.h; path = BugNeighborhoodView.h; sourceTree = "<group>"; };
		0381D6611086814600072A80 /* BugNeighborhoodView.m */ = {isa = PBXFileReference; fileEncoding = 4; lastKnownFileType = sourcecode.c.objc; path = BugNeighborhoodView.m; sourceTree = "<group>"; };
		0381D6631086816700072A80 /* GeneDistributionView.h */ = {isa = PBXFileReference; fileEncoding = 4; lastKnownFileType = sourcecode.c.h; path = GeneDistributionView.h; sourceTree = "<group>"; };
		0381D6641086816700072A80 /* GeneDistributionView.m */ = {isa = PBXFileReference; fileEncoding = 4; lastKnownFileType = sourcecode.c.objc; path = GeneDistributionView.m; sourceTree = "<group>"; };
		0381D6661086817600072A80 /* HSVColorSquare.h */ = {isa = PBXFileReference; fileEncoding = 4; lastKnownFileType = sourcecode.c.h; path = HSVColorSquare.h; sourceTree = "<group>"; };
		0381D6671086817600072A80 /* HSVColorSquare.m */ = {isa = PBXFileReference; fileEncoding = 4; lastKnownFileType = sourcecode.c.objc; path = HSVColorSquare.m; sourceTree = "<group>"; };
		0381D66D1086827D00072A80 /* BugsColoringWindowController.h */ = {isa = PBXFileReference; fileEncoding = 4; lastKnownFileType = sourcecode.c.h; path = BugsColoringWindowController.h; sourceTree = "<group>"; };
		0381D66E1086827D00072A80 /* BugsColoringWindowController.m */ = {isa = PBXFileReference; fileEncoding = 4; lastKnownFileType = sourcecode.c.objc; path = BugsColoringWindowController.m; sourceTree = "<group>"; };
		0381D6701086828A00072A80 /* BugsColoringWindowController.xib */ = {isa = PBXFileReference; lastKnownFileType = file.xib; path = BugsColoringWindowController.xib; sourceTree = "<group>"; };
		03E2CCB80E2729340077196A /* WorldView.h */ = {isa = PBXFileReference; fileEncoding = 4; lastKnownFileType = sourcecode.c.h; path = WorldView.h; sourceTree = "<group>"; };
		03E2CCB90E2729340077196A /* WorldView.m */ = {isa = PBXFileReference; fileEncoding = 4; lastKnownFileType = sourcecode.c.objc; path = WorldView.m; sourceTree = "<group>"; };
		03E2CCBC0E2729460077196A /* BugsStatistics.h */ = {isa = PBXFileReference; fileEncoding = 4; lastKnownFileType = sourcecode.c.h; path = BugsStatistics.h; sourceTree = "<group>"; };
		03E2CCBD0E2729460077196A /* BugsStatistics.m */ = {isa = PBXFileReference; fileEncoding = 4; lastKnownFileType = sourcecode.c.objc; path = BugsStatistics.m; sourceTree = "<group>"; };
		03E2CCBE0E2729460077196A /* Bug.h */ = {isa = PBXFileReference; fileEncoding = 4; lastKnownFileType = sourcecode.c.h; path = Bug.h; sourceTree = "<group>"; };
		03E2CCBF0E2729460077196A /* Bug.m */ = {isa = PBXFileReference; fileEncoding = 4; lastKnownFileType = sourcecode.c.objc; path = Bug.m; sourceTree = "<group>"; };
		03E2CCC00E2729460077196A /* Cell.h */ = {isa = PBXFileReference; fileEncoding = 4; lastKnownFileType = sourcecode.c.h; path = Cell.h; sourceTree = "<group>"; };
		03E2CCC10E2729460077196A /* Cell.m */ = {isa = PBXFileReference; fileEncoding = 4; lastKnownFileType = sourcecode.c.objc; path = Cell.m; sourceTree = "<group>"; };
		03E2CCC20E2729460077196A /* World.h */ = {isa = PBXFileReference; fileEncoding = 4; lastKnownFileType = sourcecode.c.h; path = World.h; sourceTree = "<group>"; };
		03E2CCC30E2729460077196A /* World.m */ = {isa = PBXFileReference; fileEncoding = 4; lastKnownFileType = sourcecode.c.objc; path = World.m; sourceTree = "<group>"; };
		03E2CCC90E2729800077196A /* PackardBugs.plist */ = {isa = PBXFileReference; fileEncoding = 4; lastKnownFileType = text.plist.xml; path = PackardBugs.plist; sourceTree = "<group>"; };
		03E2CD740E272F910077196A /* BugsController.h */ = {isa = PBXFileReference; fileEncoding = 4; lastKnownFileType = sourcecode.c.h; path = BugsController.h; sourceTree = "<group>"; };
		03E2CD750E272F910077196A /* BugsController.m */ = {isa = PBXFileReference; fileEncoding = 4; lastKnownFileType = sourcecode.c.objc; path = BugsController.m; sourceTree = "<group>"; };
		089C1672FE841209C02AAC07 /* Foundation.framework */ = {isa = PBXFileReference; lastKnownFileType = wrapper.framework; name = Foundation.framework; path = /System/Library/Frameworks/Foundation.framework; sourceTree = "<absolute>"; };
		089C167EFE841241C02AAC07 /* English */ = {isa = PBXFileReference; fileEncoding = 10; lastKnownFileType = text.plist.strings; name = English; path = English.lproj/InfoPlist.strings; sourceTree = "<group>"; };
		089C167FFE841241C02AAC07 /* AppKit.framework */ = {isa = PBXFileReference; lastKnownFileType = wrapper.framework; name = AppKit.framework; path = /System/Library/Frameworks/AppKit.framework; sourceTree = "<absolute>"; };
		1058C7ADFEA557BF11CA2CBB /* Cocoa.framework */ = {isa = PBXFileReference; lastKnownFileType = wrapper.framework; name = Cocoa.framework; path = /System/Library/Frameworks/Cocoa.framework; sourceTree = "<absolute>"; };
		32DBCF630370AF2F00C91783 /* Packard Bugs Plugin_Prefix.pch */ = {isa = PBXFileReference; fileEncoding = 4; lastKnownFileType = sourcecode.c.h; path = "Packard Bugs Plugin_Prefix.pch"; sourceTree = "<group>"; };
		8D5B49B6048680CD000E48DA /* Packard Bugs Plugin.plugin */ = {isa = PBXFileReference; explicitFileType = wrapper.cfbundle; includeInIndex = 0; path = "Packard Bugs Plugin.plugin"; sourceTree = BUILT_PRODUCTS_DIR; };
		8D5B49B7048680CD000E48DA /* Info.plist */ = {isa = PBXFileReference; fileEncoding = 4; lastKnownFileType = text.plist.xml; path = Info.plist; sourceTree = "<group>"; };
		D2F7E65807B2D6F200F64583 /* CoreData.framework */ = {isa = PBXFileReference; lastKnownFileType = wrapper.framework; name = CoreData.framework; path = /System/Library/Frameworks/CoreData.framework; sourceTree = "<absolute>"; };
/* End PBXFileReference section */

/* Begin PBXFrameworksBuildPhase section */
		8D5B49B3048680CD000E48DA /* Frameworks */ = {
			isa = PBXFrameworksBuildPhase;
			buildActionMask = 2147483647;
			files = (
				8D5B49B4048680CD000E48DA /* Cocoa.framework in Frameworks */,
				03223F311096BEA000A60416 /* Bugs.framework in Frameworks */,
			);
			runOnlyForDeploymentPostprocessing = 0;
		};
/* End PBXFrameworksBuildPhase section */

/* Begin PBXGroup section */
		03496D7D1096BE36009BD558 /* Products */ = {
			isa = PBXGroup;
			children = (
				03496D811096BE37009BD558 /* Bugs.framework */,
			);
			name = Products;
			sourceTree = "<group>";
		};
		0381D6561086813900072A80 /* Coloring */ = {
			isa = PBXGroup;
			children = (
				0381D6601086814600072A80 /* BugNeighborhoodView.h */,
				0381D6611086814600072A80 /* BugNeighborhoodView.m */,
				0381D6631086816700072A80 /* GeneDistributionView.h */,
				0381D6641086816700072A80 /* GeneDistributionView.m */,
				0381D6661086817600072A80 /* HSVColorSquare.h */,
				0381D6671086817600072A80 /* HSVColorSquare.m */,
				0381D66D1086827D00072A80 /* BugsColoringWindowController.h */,
				0381D66E1086827D00072A80 /* BugsColoringWindowController.m */,
				0381D6701086828A00072A80 /* BugsColoringWindowController.xib */,
			);
			name = Coloring;
			sourceTree = "<group>";
		};
		03E2CCB30E2729140077196A /* Controllers */ = {
			isa = PBXGroup;
			children = (
				03E2CD740E272F910077196A /* BugsController.h */,
				03E2CD750E272F910077196A /* BugsController.m */,
			);
			name = Controllers;
			sourceTree = "<group>";
		};
		03E2CD4F0E272CD10077196A /* Models */ = {
			isa = PBXGroup;
			children = (
				03E2CCBC0E2729460077196A /* BugsStatistics.h */,
				03E2CCBD0E2729460077196A /* BugsStatistics.m */,
				03E2CCBE0E2729460077196A /* Bug.h */,
				03E2CCBF0E2729460077196A /* Bug.m */,
				03E2CCC00E2729460077196A /* Cell.h */,
				03E2CCC10E2729460077196A /* Cell.m */,
				03E2CCC20E2729460077196A /* World.h */,
				03E2CCC30E2729460077196A /* World.m */,
				0381D5941086700D00072A80 /* UpdateGenePresenceOperation.h */,
				0381D5951086700D00072A80 /* UpdateGenePresenceOperation.m */,
			);
			name = Models;
			sourceTree = "<group>";
		};
		03E2CD500E272CE00077196A /* Views */ = {
			isa = PBXGroup;
			children = (
				03E2CCB80E2729340077196A /* WorldView.h */,
				03E2CCB90E2729340077196A /* WorldView.m */,
			);
			name = Views;
			sourceTree = "<group>";
		};
		089C166AFE841209C02AAC07 /* Packard Bugs Plugin */ = {
			isa = PBXGroup;
			children = (
				08FB77AFFE84173DC02AAC07 /* Classes */,
				32C88E010371C26100C91783 /* Other Sources */,
				089C167CFE841241C02AAC07 /* Resources */,
				089C1671FE841209C02AAC07 /* Frameworks and Libraries */,
				19C28FB8FE9D52D311CA2CBB /* Products */,
			);
			name = "Packard Bugs Plugin";
			sourceTree = "<group>";
		};
		089C1671FE841209C02AAC07 /* Frameworks and Libraries */ = {
			isa = PBXGroup;
			children = (
				1058C7ACFEA557BF11CA2CBB /* Linked Frameworks */,
				1058C7AEFEA557BF11CA2CBB /* Other Frameworks */,
				03496D7C1096BE36009BD558 /* BugsFramework.xcodeproj */,
			);
			name = "Frameworks and Libraries";
			sourceTree = "<group>";
		};
		089C167CFE841241C02AAC07 /* Resources */ = {
			isa = PBXGroup;
			children = (
				8D5B49B7048680CD000E48DA /* Info.plist */,
				03E2CCC90E2729800077196A /* PackardBugs.plist */,
				089C167DFE841241C02AAC07 /* InfoPlist.strings */,
			);
			name = Resources;
			sourceTree = "<group>";
		};
		08FB77AFFE84173DC02AAC07 /* Classes */ = {
			isa = PBXGroup;
			children = (
				0381D6561086813900072A80 /* Coloring */,
				03E2CCB30E2729140077196A /* Controllers */,
				03E2CD4F0E272CD10077196A /* Models */,
				03E2CD500E272CE00077196A /* Views */,
			);
			name = Classes;
			sourceTree = "<group>";
		};
		1058C7ACFEA557BF11CA2CBB /* Linked Frameworks */ = {
			isa = PBXGroup;
			children = (
				1058C7ADFEA557BF11CA2CBB /* Cocoa.framework */,
			);
			name = "Linked Frameworks";
			sourceTree = "<group>";
		};
		1058C7AEFEA557BF11CA2CBB /* Other Frameworks */ = {
			isa = PBXGroup;
			children = (
				089C167FFE841241C02AAC07 /* AppKit.framework */,
				D2F7E65807B2D6F200F64583 /* CoreData.framework */,
				089C1672FE841209C02AAC07 /* Foundation.framework */,
			);
			name = "Other Frameworks";
			sourceTree = "<group>";
		};
		19C28FB8FE9D52D311CA2CBB /* Products */ = {
			isa = PBXGroup;
			children = (
				8D5B49B6048680CD000E48DA /* Packard Bugs Plugin.plugin */,
			);
			name = Products;
			sourceTree = "<group>";
		};
		32C88E010371C26100C91783 /* Other Sources */ = {
			isa = PBXGroup;
			children = (
				32DBCF630370AF2F00C91783 /* Packard Bugs Plugin_Prefix.pch */,
			);
			name = "Other Sources";
			sourceTree = "<group>";
		};
/* End PBXGroup section */

/* Begin PBXNativeTarget section */
		8D5B49AC048680CD000E48DA /* Packard Bugs Plugin */ = {
			isa = PBXNativeTarget;
			buildConfigurationList = 1DEB913A08733D840010E9CD /* Build configuration list for PBXNativeTarget "Packard Bugs Plugin" */;
			buildPhases = (
				8D5B49AF048680CD000E48DA /* Resources */,
				8D5B49B1048680CD000E48DA /* Sources */,
				8D5B49B3048680CD000E48DA /* Frameworks */,
			);
			buildRules = (
			);
			dependencies = (
				03223FC01096C26900A60416 /* PBXTargetDependency */,
			);
			name = "Packard Bugs Plugin";
			productInstallPath = "$(HOME)/Library/Bundles";
			productName = "Packard Bugs Plugin";
			productReference = 8D5B49B6048680CD000E48DA /* Packard Bugs Plugin.plugin */;
			productType = "com.apple.product-type.bundle";
		};
/* End PBXNativeTarget section */

/* Begin PBXProject section */
		089C1669FE841209C02AAC07 /* Project object */ = {
			isa = PBXProject;
			attributes = {
				LastUpgradeCheck = 1420;
			};
			buildConfigurationList = 1DEB913E08733D840010E9CD /* Build configuration list for PBXProject "Packard Bugs Plugin" */;
			compatibilityVersion = "Xcode 3.2";
			developmentRegion = English;
			hasScannedForEncodings = 1;
			knownRegions = (
				English,
				en,
			);
			mainGroup = 089C166AFE841209C02AAC07 /* Packard Bugs Plugin */;
			projectDirPath = "";
			projectReferences = (
				{
					ProductGroup = 03496D7D1096BE36009BD558 /* Products */;
					ProjectRef = 03496D7C1096BE36009BD558 /* BugsFramework.xcodeproj */;
				},
			);
			projectRoot = "";
			targets = (
				8D5B49AC048680CD000E48DA /* Packard Bugs Plugin */,
			);
		};
/* End PBXProject section */

/* Begin PBXReferenceProxy section */
		03496D811096BE37009BD558 /* Bugs.framework */ = {
			isa = PBXReferenceProxy;
			fileType = wrapper.framework;
			path = Bugs.framework;
			remoteRef = 03496D801096BE37009BD558 /* PBXContainerItemProxy */;
			sourceTree = BUILT_PRODUCTS_DIR;
		};
/* End PBXReferenceProxy section */

/* Begin PBXResourcesBuildPhase section */
		8D5B49AF048680CD000E48DA /* Resources */ = {
			isa = PBXResourcesBuildPhase;
			buildActionMask = 2147483647;
			files = (
				8D5B49B0048680CD000E48DA /* InfoPlist.strings in Resources */,
				03E2CCCA0E2729800077196A /* PackardBugs.plist in Resources */,
				0381D6711086828A00072A80 /* BugsColoringWindowController.xib in Resources */,
			);
			runOnlyForDeploymentPostprocessing = 0;
		};
/* End PBXResourcesBuildPhase section */

/* Begin PBXSourcesBuildPhase section */
		8D5B49B1048680CD000E48DA /* Sources */ = {
			isa = PBXSourcesBuildPhase;
			buildActionMask = 2147483647;
			files = (
				03E2CCBA0E2729340077196A /* WorldView.m in Sources */,
				03E2CCC40E2729460077196A /* BugsStatistics.m in Sources */,
				03E2CCC50E2729460077196A /* Bug.m in Sources */,
				03E2CCC60E2729460077196A /* Cell.m in Sources */,
				03E2CCC70E2729460077196A /* World.m in Sources */,
				03E2CD760E272F910077196A /* BugsController.m in Sources */,
				0381D59E108671C600072A80 /* UpdateGenePresenceOperation.m in Sources */,
				0381D6621086814600072A80 /* BugNeighborhoodView.m in Sources */,
				0381D6651086816700072A80 /* GeneDistributionView.m in Sources */,
				0381D6681086817600072A80 /* HSVColorSquare.m in Sources */,
				0381D66F1086827D00072A80 /* BugsColoringWindowController.m in Sources */,
			);
			runOnlyForDeploymentPostprocessing = 0;
		};
/* End PBXSourcesBuildPhase section */

/* Begin PBXTargetDependency section */
		03223FC01096C26900A60416 /* PBXTargetDependency */ = {
			isa = PBXTargetDependency;
			name = Bugs;
			targetProxy = 03223FBF1096C26900A60416 /* PBXContainerItemProxy */;
		};
/* End PBXTargetDependency section */

/* Begin PBXVariantGroup section */
		089C167DFE841241C02AAC07 /* InfoPlist.strings */ = {
			isa = PBXVariantGroup;
			children = (
				089C167EFE841241C02AAC07 /* English */,
			);
			name = InfoPlist.strings;
			sourceTree = "<group>";
		};
/* End PBXVariantGroup section */

/* Begin XCBuildConfiguration section */
		1DEB913B08733D840010E9CD /* Debug */ = {
			isa = XCBuildConfiguration;
			buildSettings = {
				GCC_PRECOMPILE_PREFIX_HEADER = YES;
				GCC_PREFIX_HEADER = "Packard Bugs Plugin_Prefix.pch";
				INFOPLIST_FILE = Info.plist;
				PRODUCT_BUNDLE_IDENTIFIER = org.doormouse.CocoaBugs.PackardBugsPlugin;
				PRODUCT_NAME = "Packard Bugs Plugin";
				WRAPPER_EXTENSION = plugin;
			};
			name = Debug;
		};
		1DEB913C08733D840010E9CD /* Release */ = {
			isa = XCBuildConfiguration;
			buildSettings = {
				DEBUG_INFORMATION_FORMAT = "dwarf-with-dsym";
				GCC_PRECOMPILE_PREFIX_HEADER = YES;
				GCC_PREFIX_HEADER = "Packard Bugs Plugin_Prefix.pch";
				INFOPLIST_FILE = Info.plist;
				PRODUCT_BUNDLE_IDENTIFIER = org.doormouse.CocoaBugs.PackardBugsPlugin;
				PRODUCT_NAME = "Packard Bugs Plugin";
				WRAPPER_EXTENSION = plugin;
			};
			name = Release;
		};
		1DEB913F08733D840010E9CD /* Debug */ = {
			isa = XCBuildConfiguration;
			buildSettings = {
				ALWAYS_SEARCH_USER_PATHS = NO;
				CLANG_ENABLE_OBJC_ARC = YES;
				COPY_PHASE_STRIP = NO;
				GCC_C_LANGUAGE_STANDARD = c99;
				GCC_OPTIMIZATION_LEVEL = 0;
				GCC_WARN_ABOUT_RETURN_TYPE = YES;
				GCC_WARN_UNUSED_VARIABLE = YES;
				ONLY_ACTIVE_ARCH = YES;
				SDKROOT = macosx;
			};
			name = Debug;
		};
		1DEB914008733D840010E9CD /* Release */ = {
			isa = XCBuildConfiguration;
			buildSettings = {
				ALWAYS_SEARCH_USER_PATHS = NO;
				CLANG_ENABLE_OBJC_ARC = YES;
				COPY_PHASE_STRIP = NO;
				GCC_C_LANGUAGE_STANDARD = c99;
				GCC_WARN_ABOUT_RETURN_TYPE = YES;
				GCC_WARN_UNUSED_VARIABLE = YES;
				SDKROOT = macosx;
			};
			name = Release;
		};
/* End XCBuildConfiguration section */

/* Begin XCConfigurationList section */
		1DEB913A08733D840010E9CD /* Build configuration list for PBXNativeTarget "Packard Bugs Plugin" */ = {
			isa = XCConfigurationList;
			buildConfigurations = (
				1DEB913B08733D840010E9CD /* Debug */,
				1DEB913C08733D840010E9CD /* Release */,
			);
			defaultConfigurationIsVisible = 0;
			defaultConfigurationName = Release;
		};
		1DEB913E08733D840010E9CD /* Build configuration list for PBXProject "Packard Bugs Plugin" */ = {
			isa = XCConfigurationList;
			buildConfigurations = (
				1DEB913F08733D840010E9CD /* Debug */,
				1DEB914008733D840010E9CD /* Release */,
			);
			defaultConfigurationIsVisible = 0;
			defaultConfigurationName = Release;
		};
/* End XCConfigurationList section */
	};
	rootObject = 089C1669FE841209C02AAC07 /* Project object */;
}
