// !$*UTF8*$!
{
	archiveVersion = 1;
	classes = {
	};
	objectVersion = 46;
	objects = {

/* Begin PBXBuildFile section */
		031980BE111E3B4300668496 /* LifeView.m in Sources */ = {isa = PBXBuildFile; fileRef = 031980BD111E3B4300668496 /* LifeView.m */; };
		031980CC111E3BBE00668496 /* ALifeCritter.m in Sources */ = {isa = PBXBuildFile; fileRef = 031980CB111E3BBE00668496 /* ALifeCritter.m */; };
		031980DC111E3CF000668496 /* Bug.m in Sources */ = {isa = PBXBuildFile; fileRef = 031980D5111E3CF000668496 /* Bug.m */; };
		031980DE111E3CF000668496 /* Cell.m in Sources */ = {isa = PBXBuildFile; fileRef = 031980D9111E3CF000668496 /* Cell.m */; };
		031980DF111E3CF000668496 /* World.m in Sources */ = {isa = PBXBuildFile; fileRef = 031980DB111E3CF000668496 /* World.m */; };
		03198113111E3E1C00668496 /* ALifeSimulation.m in Sources */ = {isa = PBXBuildFile; fileRef = 03198112111E3E1C00668496 /* ALifeSimulation.m */; };
		03198125111E3EC500668496 /* NSArray+Shuffling.m in Sources */ = {isa = PBXBuildFile; fileRef = 03198122111E3EC500668496 /* NSArray+Shuffling.m */; };
		03198126111E3EC500668496 /* NSString+KeyPathComponents.m in Sources */ = {isa = PBXBuildFile; fileRef = 03198124111E3EC500668496 /* NSString+KeyPathComponents.m */; };
		031981EF111E892C00668496 /* World+iPhone.m in Sources */ = {isa = PBXBuildFile; fileRef = 031981EE111E892C00668496 /* World+iPhone.m */; };
		0319824E111E8DCB00668496 /* UIColor+HSVSquare.m in Sources */ = {isa = PBXBuildFile; fileRef = 0319824D111E8DCB00668496 /* UIColor+HSVSquare.m */; };
		031982A0111F694D00668496 /* BPOptionsViewController.m in Sources */ = {isa = PBXBuildFile; fileRef = 0319829E111F694D00668496 /* BPOptionsViewController.m */; };
		031982A1111F694D00668496 /* BPOptionsViewController.xib in Resources */ = {isa = PBXBuildFile; fileRef = 0319829F111F694D00668496 /* BPOptionsViewController.xib */; };
		031982B8111F6C9E00668496 /* PackardBugs.plist in Resources */ = {isa = PBXBuildFile; fileRef = 031982B7111F6C9E00668496 /* PackardBugs.plist */; };
		031982C3111F6E7400668496 /* BPIntegerOptionView.m in Sources */ = {isa = PBXBuildFile; fileRef = 031982C2111F6E7400668496 /* BPIntegerOptionView.m */; };
		0361EE88112265ED00294A10 /* BPStatisticsViewController.m in Sources */ = {isa = PBXBuildFile; fileRef = 0361EE86112265ED00294A10 /* BPStatisticsViewController.m */; };
		0361EE89112265ED00294A10 /* BPStatisticsViewController.xib in Resources */ = {isa = PBXBuildFile; fileRef = 0361EE87112265ED00294A10 /* BPStatisticsViewController.xib */; };
		0361EE8F1122661D00294A10 /* BPStatisticsView.m in Sources */ = {isa = PBXBuildFile; fileRef = 0361EE8E1122661D00294A10 /* BPStatisticsView.m */; };
		0361EE92112266A600294A10 /* StatisticsData.m in Sources */ = {isa = PBXBuildFile; fileRef = 0361EE91112266A600294A10 /* StatisticsData.m */; };
		0376DD451125DFD8004A8659 /* box.png in Resources */ = {isa = PBXBuildFile; fileRef = 0376DD441125DFD8004A8659 /* box.png */; };
		038FC035121FBAD600B42BB7 /* BPEditBitmapViewController.m in Sources */ = {isa = PBXBuildFile; fileRef = 038FC033121FBAD600B42BB7 /* BPEditBitmapViewController.m */; };
		038FC036121FBAD600B42BB7 /* BPEditBitmapViewController.xib in Resources */ = {isa = PBXBuildFile; fileRef = 038FC034121FBAD600B42BB7 /* BPEditBitmapViewController.xib */; };
		038FC03A121FBD3E00B42BB7 /* BPEditBitmapView.m in Sources */ = {isa = PBXBuildFile; fileRef = 038FC039121FBD3E00B42BB7 /* BPEditBitmapView.m */; };
		03B164111122186400996A63 /* PixelImage.m in Sources */ = {isa = PBXBuildFile; fileRef = 03B164101122186400996A63 /* PixelImage.m */; };
		03B1641A112219D700996A63 /* BitmapOptionView.m in Sources */ = {isa = PBXBuildFile; fileRef = 03B16419112219D700996A63 /* BitmapOptionView.m */; };
		03BE71B71120C831009E2399 /* QuartzCore.framework in Frameworks */ = {isa = PBXBuildFile; fileRef = 03BE71B61120C831009E2399 /* QuartzCore.framework */; };
		03F868411120C078005B8E78 /* BPFloatOptionView.m in Sources */ = {isa = PBXBuildFile; fileRef = 03F868401120C078005B8E78 /* BPFloatOptionView.m */; };
		1D3623260D0F684500981E51 /* BugpadAppDelegate.m in Sources */ = {isa = PBXBuildFile; fileRef = 1D3623250D0F684500981E51 /* BugpadAppDelegate.m */; };
		1D60589B0D05DD56006BFB54 /* main.m in Sources */ = {isa = PBXBuildFile; fileRef = 29B97316FDCFA39411CA2CEA /* main.m */; };
		1D60589F0D05DD5A006BFB54 /* Foundation.framework in Frameworks */ = {isa = PBXBuildFile; fileRef = 1D30AB110D05D00D00671497 /* Foundation.framework */; };
		1DF5F4E00D08C38300B7A737 /* UIKit.framework in Frameworks */ = {isa = PBXBuildFile; fileRef = 1DF5F4DF0D08C38300B7A737 /* UIKit.framework */; };
		2804200B108E984D000629CD /* MasterViewController.m in Sources */ = {isa = PBXBuildFile; fileRef = 28042008108E984D000629CD /* MasterViewController.m */; };
		2804200C108E984D000629CD /* DetailViewController.m in Sources */ = {isa = PBXBuildFile; fileRef = 2804200A108E984D000629CD /* DetailViewController.m */; };
		2804203C108E9BAB000629CD /* DetailView.xib in Resources */ = {isa = PBXBuildFile; fileRef = 2804203B108E9BAB000629CD /* DetailView.xib */; };
		280420C1108EA07E000629CD /* CoreData.framework in Frameworks */ = {isa = PBXBuildFile; fileRef = 280420C0108EA07E000629CD /* CoreData.framework */; };
		28042144108EA4AA000629CD /* Bugpad.xcdatamodel in Sources */ = {isa = PBXBuildFile; fileRef = 280420B3108E9F58000629CD /* Bugpad.xcdatamodel */; };
		2892E4100DC94CBA00A64D0F /* CoreGraphics.framework in Frameworks */ = {isa = PBXBuildFile; fileRef = 2892E40F0DC94CBA00A64D0F /* CoreGraphics.framework */; };
		28AD73600D9D9599002E5188 /* MainWindow.xib in Resources */ = {isa = PBXBuildFile; fileRef = 28AD735F0D9D9599002E5188 /* MainWindow.xib */; };
/* End PBXBuildFile section */

/* Begin PBXFileReference section */
		031980BC111E3B4300668496 /* LifeView.h */ = {isa = PBXFileReference; fileEncoding = 4; lastKnownFileType = sourcecode.c.h; path = LifeView.h; sourceTree = "<group>"; };
		031980BD111E3B4300668496 /* LifeView.m */ = {isa = PBXFileReference; fileEncoding = 4; lastKnownFileType = sourcecode.c.objc; path = LifeView.m; sourceTree = "<group>"; };
		031980C8111E3B9100668496 /* ALifeController.h */ = {isa = PBXFileReference; fileEncoding = 4; lastKnownFileType = sourcecode.c.h; path = ALifeController.h; sourceTree = "<group>"; };
		031980CA111E3BBE00668496 /* ALifeCritter.h */ = {isa = PBXFileReference; fileEncoding = 4; lastKnownFileType = sourcecode.c.h; path = ALifeCritter.h; sourceTree = "<group>"; };
		031980CB111E3BBE00668496 /* ALifeCritter.m */ = {isa = PBXFileReference; fileEncoding = 4; lastKnownFileType = sourcecode.c.objc; path = ALifeCritter.m; sourceTree = "<group>"; };
		031980D4111E3CF000668496 /* Bug.h */ = {isa = PBXFileReference; fileEncoding = 4; lastKnownFileType = sourcecode.c.h; path = Bug.h; sourceTree = "<group>"; };
		031980D5111E3CF000668496 /* Bug.m */ = {isa = PBXFileReference; fileEncoding = 4; lastKnownFileType = sourcecode.c.objc; path = Bug.m; sourceTree = "<group>"; };
		031980D8111E3CF000668496 /* Cell.h */ = {isa = PBXFileReference; fileEncoding = 4; lastKnownFileType = sourcecode.c.h; path = Cell.h; sourceTree = "<group>"; };
		031980D9111E3CF000668496 /* Cell.m */ = {isa = PBXFileReference; fileEncoding = 4; lastKnownFileType = sourcecode.c.objc; path = Cell.m; sourceTree = "<group>"; };
		031980DA111E3CF000668496 /* World.h */ = {isa = PBXFileReference; fileEncoding = 4; lastKnownFileType = sourcecode.c.h; path = World.h; sourceTree = "<group>"; };
		031980DB111E3CF000668496 /* World.m */ = {isa = PBXFileReference; fileEncoding = 4; lastKnownFileType = sourcecode.c.objc; path = World.m; sourceTree = "<group>"; };
		03198111111E3E1C00668496 /* ALifeSimulation.h */ = {isa = PBXFileReference; fileEncoding = 4; lastKnownFileType = sourcecode.c.h; path = ALifeSimulation.h; sourceTree = "<group>"; };
		03198112111E3E1C00668496 /* ALifeSimulation.m */ = {isa = PBXFileReference; fileEncoding = 4; lastKnownFileType = sourcecode.c.objc; path = ALifeSimulation.m; sourceTree = "<group>"; };
		03198121111E3EC500668496 /* NSArray+Shuffling.h */ = {isa = PBXFileReference; fileEncoding = 4; lastKnownFileType = sourcecode.c.h; path = "NSArray+Shuffling.h"; sourceTree = "<group>"; };
		03198122111E3EC500668496 /* NSArray+Shuffling.m */ = {isa = PBXFileReference; fileEncoding = 4; lastKnownFileType = sourcecode.c.objc; path = "NSArray+Shuffling.m"; sourceTree = "<group>"; };
		03198123111E3EC500668496 /* NSString+KeyPathComponents.h */ = {isa = PBXFileReference; fileEncoding = 4; lastKnownFileType = sourcecode.c.h; path = "NSString+KeyPathComponents.h"; sourceTree = "<group>"; };
		03198124111E3EC500668496 /* NSString+KeyPathComponents.m */ = {isa = PBXFileReference; fileEncoding = 4; lastKnownFileType = sourcecode.c.objc; path = "NSString+KeyPathComponents.m"; sourceTree = "<group>"; };
		031981ED111E892C00668496 /* World+iPhone.h */ = {isa = PBXFileReference; fileEncoding = 4; lastKnownFileType = sourcecode.c.h; path = "World+iPhone.h"; sourceTree = "<group>"; };
		031981EE111E892C00668496 /* World+iPhone.m */ = {isa = PBXFileReference; fileEncoding = 4; lastKnownFileType = sourcecode.c.objc; path = "World+iPhone.m"; sourceTree = "<group>"; };
		0319824C111E8DCB00668496 /* UIColor+HSVSquare.h */ = {isa = PBXFileReference; fileEncoding = 4; lastKnownFileType = sourcecode.c.h; path = "UIColor+HSVSquare.h"; sourceTree = "<group>"; };
		0319824D111E8DCB00668496 /* UIColor+HSVSquare.m */ = {isa = PBXFileReference; fileEncoding = 4; lastKnownFileType = sourcecode.c.objc; path = "UIColor+HSVSquare.m"; sourceTree = "<group>"; };
		0319829D111F694D00668496 /* BPOptionsViewController.h */ = {isa = PBXFileReference; fileEncoding = 4; lastKnownFileType = sourcecode.c.h; path = BPOptionsViewController.h; sourceTree = "<group>"; };
		0319829E111F694D00668496 /* BPOptionsViewController.m */ = {isa = PBXFileReference; fileEncoding = 4; lastKnownFileType = sourcecode.c.objc; path = BPOptionsViewController.m; sourceTree = "<group>"; };
		0319829F111F694D00668496 /* BPOptionsViewController.xib */ = {isa = PBXFileReference; lastKnownFileType = file.xib; path = BPOptionsViewController.xib; sourceTree = "<group>"; };
		031982B7111F6C9E00668496 /* PackardBugs.plist */ = {isa = PBXFileReference; fileEncoding = 4; lastKnownFileType = text.plist.xml; path = PackardBugs.plist; sourceTree = "<group>"; };
		031982C1111F6E7400668496 /* BPIntegerOptionView.h */ = {isa = PBXFileReference; fileEncoding = 4; lastKnownFileType = sourcecode.c.h; path = BPIntegerOptionView.h; sourceTree = "<group>"; };
		031982C2111F6E7400668496 /* BPIntegerOptionView.m */ = {isa = PBXFileReference; fileEncoding = 4; lastKnownFileType = sourcecode.c.objc; path = BPIntegerOptionView.m; sourceTree = "<group>"; };
		0361EE85112265ED00294A10 /* BPStatisticsViewController.h */ = {isa = PBXFileReference; fileEncoding = 4; lastKnownFileType = sourcecode.c.h; path = BPStatisticsViewController.h; sourceTree = "<group>"; };
		0361EE86112265ED00294A10 /* BPStatisticsViewController.m */ = {isa = PBXFileReference; fileEncoding = 4; lastKnownFileType = sourcecode.c.objc; path = BPStatisticsViewController.m; sourceTree = "<group>"; };
		0361EE87112265ED00294A10 /* BPStatisticsViewController.xib */ = {isa = PBXFileReference; lastKnownFileType = file.xib; path = BPStatisticsViewController.xib; sourceTree = "<group>"; };
		0361EE8D1122661D00294A10 /* BPStatisticsView.h */ = {isa = PBXFileReference; fileEncoding = 4; lastKnownFileType = sourcecode.c.h; path = BPStatisticsView.h; sourceTree = "<group>"; };
		0361EE8E1122661D00294A10 /* BPStatisticsView.m */ = {isa = PBXFileReference; fileEncoding = 4; lastKnownFileType = sourcecode.c.objc; path = BPStatisticsView.m; sourceTree = "<group>"; };
		0361EE90112266A600294A10 /* StatisticsData.h */ = {isa = PBXFileReference; fileEncoding = 4; lastKnownFileType = sourcecode.c.h; path = StatisticsData.h; sourceTree = "<group>"; };
		0361EE91112266A600294A10 /* StatisticsData.m */ = {isa = PBXFileReference; fileEncoding = 4; lastKnownFileType = sourcecode.c.objc; path = StatisticsData.m; sourceTree = "<group>"; };
		0376DD441125DFD8004A8659 /* box.png */ = {isa = PBXFileReference; lastKnownFileType = image.png; path = box.png; sourceTree = "<group>"; };
		038FC032121FBAD600B42BB7 /* BPEditBitmapViewController.h */ = {isa = PBXFileReference; fileEncoding = 4; lastKnownFileType = sourcecode.c.h; path = BPEditBitmapViewController.h; sourceTree = "<group>"; };
		038FC033121FBAD600B42BB7 /* BPEditBitmapViewController.m */ = {isa = PBXFileReference; fileEncoding = 4; lastKnownFileType = sourcecode.c.objc; path = BPEditBitmapViewController.m; sourceTree = "<group>"; };
		038FC034121FBAD600B42BB7 /* BPEditBitmapViewController.xib */ = {isa = PBXFileReference; lastKnownFileType = file.xib; path = BPEditBitmapViewController.xib; sourceTree = "<group>"; };
		038FC038121FBD3E00B42BB7 /* BPEditBitmapView.h */ = {isa = PBXFileReference; fileEncoding = 4; lastKnownFileType = sourcecode.c.h; path = BPEditBitmapView.h; sourceTree = "<group>"; };
		038FC039121FBD3E00B42BB7 /* BPEditBitmapView.m */ = {isa = PBXFileReference; fileEncoding = 4; lastKnownFileType = sourcecode.c.objc; path = BPEditBitmapView.m; sourceTree = "<group>"; };
		03B1640F1122186400996A63 /* PixelImage.h */ = {isa = PBXFileReference; fileEncoding = 4; lastKnownFileType = sourcecode.c.h; path = PixelImage.h; sourceTree = "<group>"; };
		03B164101122186400996A63 /* PixelImage.m */ = {isa = PBXFileReference; fileEncoding = 4; lastKnownFileType = sourcecode.c.objc; path = PixelImage.m; sourceTree = "<group>"; };
		03B16418112219D700996A63 /* BitmapOptionView.h */ = {isa = PBXFileReference; fileEncoding = 4; lastKnownFileType = sourcecode.c.h; path = BitmapOptionView.h; sourceTree = "<group>"; };
		03B16419112219D700996A63 /* BitmapOptionView.m */ = {isa = PBXFileReference; fileEncoding = 4; lastKnownFileType = sourcecode.c.objc; path = BitmapOptionView.m; sourceTree = "<group>"; };
		03BE71B61120C831009E2399 /* QuartzCore.framework */ = {isa = PBXFileReference; lastKnownFileType = wrapper.framework; name = QuartzCore.framework; path = System/Library/Frameworks/QuartzCore.framework; sourceTree = SDKROOT; };
		03F8683F1120C078005B8E78 /* BPFloatOptionView.h */ = {isa = PBXFileReference; fileEncoding = 4; lastKnownFileType = sourcecode.c.h; path = BPFloatOptionView.h; sourceTree = "<group>"; };
		03F868401120C078005B8E78 /* BPFloatOptionView.m */ = {isa = PBXFileReference; fileEncoding = 4; lastKnownFileType = sourcecode.c.objc; path = BPFloatOptionView.m; sourceTree = "<group>"; };
		1D30AB110D05D00D00671497 /* Foundation.framework */ = {isa = PBXFileReference; lastKnownFileType = wrapper.framework; name = Foundation.framework; path = System/Library/Frameworks/Foundation.framework; sourceTree = SDKROOT; };
		1D3623240D0F684500981E51 /* BugpadAppDelegate.h */ = {isa = PBXFileReference; fileEncoding = 4; lastKnownFileType = sourcecode.c.h; path = BugpadAppDelegate.h; sourceTree = "<group>"; };
		1D3623250D0F684500981E51 /* BugpadAppDelegate.m */ = {isa = PBXFileReference; fileEncoding = 4; lastKnownFileType = sourcecode.c.objc; path = BugpadAppDelegate.m; sourceTree = "<group>"; };
		1D6058910D05DD3D006BFB54 /* Bugpad.app */ = {isa = PBXFileReference; explicitFileType = wrapper.application; includeInIndex = 0; path = Bugpad.app; sourceTree = BUILT_PRODUCTS_DIR; };
		1DF5F4DF0D08C38300B7A737 /* UIKit.framework */ = {isa = PBXFileReference; lastKnownFileType = wrapper.framework; name = UIKit.framework; path = System/Library/Frameworks/UIKit.framework; sourceTree = SDKROOT; };
		28042007108E984D000629CD /* MasterViewController.h */ = {isa = PBXFileReference; fileEncoding = 4; lastKnownFileType = sourcecode.c.h; path = MasterViewController.h; sourceTree = "<group>"; };
		28042008108E984D000629CD /* MasterViewController.m */ = {isa = PBXFileReference; fileEncoding = 4; lastKnownFileType = sourcecode.c.objc; path = MasterViewController.m; sourceTree = "<group>"; };
		28042009108E984D000629CD /* DetailViewController.h */ = {isa = PBXFileReference; fileEncoding = 4; lastKnownFileType = sourcecode.c.h; path = DetailViewController.h; sourceTree = "<group>"; };
		2804200A108E984D000629CD /* DetailViewController.m */ = {isa = PBXFileReference; fileEncoding = 4; lastKnownFileType = sourcecode.c.objc; path = DetailViewController.m; sourceTree = "<group>"; };
		2804203B108E9BAB000629CD /* DetailView.xib */ = {isa = PBXFileReference; lastKnownFileType = file.xib; path = DetailView.xib; sourceTree = "<group>"; };
		280420B3108E9F58000629CD /* Bugpad.xcdatamodel */ = {isa = PBXFileReference; fileEncoding = 4; lastKnownFileType = wrapper.xcdatamodel; path = Bugpad.xcdatamodel; sourceTree = "<group>"; };
		280420C0108EA07E000629CD /* CoreData.framework */ = {isa = PBXFileReference; lastKnownFileType = wrapper.framework; name = CoreData.framework; path = System/Library/Frameworks/CoreData.framework; sourceTree = SDKROOT; };
		2892E40F0DC94CBA00A64D0F /* CoreGraphics.framework */ = {isa = PBXFileReference; lastKnownFileType = wrapper.framework; name = CoreGraphics.framework; path = System/Library/Frameworks/CoreGraphics.framework; sourceTree = SDKROOT; };
		28A0AAE50D9B0CCF005BE974 /* Bugpad_Prefix.pch */ = {isa = PBXFileReference; fileEncoding = 4; lastKnownFileType = sourcecode.c.h; path = Bugpad_Prefix.pch; sourceTree = "<group>"; };
		28AD735F0D9D9599002E5188 /* MainWindow.xib */ = {isa = PBXFileReference; lastKnownFileType = file.xib; path = MainWindow.xib; sourceTree = "<group>"; };
		29B97316FDCFA39411CA2CEA /* main.m */ = {isa = PBXFileReference; fileEncoding = 4; lastKnownFileType = sourcecode.c.objc; path = main.m; sourceTree = "<group>"; };
		8D1107310486CEB800E47090 /* Bugpad-Info.plist */ = {isa = PBXFileReference; fileEncoding = 4; lastKnownFileType = text.plist.xml; path = "Bugpad-Info.plist"; plistStructureDefinitionIdentifier = "com.apple.xcode.plist.structure-definition.iphone.info-plist"; sourceTree = "<group>"; };
/* End PBXFileReference section */

/* Begin PBXFrameworksBuildPhase section */
		1D60588F0D05DD3D006BFB54 /* Frameworks */ = {
			isa = PBXFrameworksBuildPhase;
			buildActionMask = 2147483647;
			files = (
				1D60589F0D05DD5A006BFB54 /* Foundation.framework in Frameworks */,
				1DF5F4E00D08C38300B7A737 /* UIKit.framework in Frameworks */,
				2892E4100DC94CBA00A64D0F /* CoreGraphics.framework in Frameworks */,
				280420C1108EA07E000629CD /* CoreData.framework in Frameworks */,
				03BE71B71120C831009E2399 /* QuartzCore.framework in Frameworks */,
			);
			runOnlyForDeploymentPostprocessing = 0;
		};
/* End PBXFrameworksBuildPhase section */

/* Begin PBXGroup section */
		031980A7111E3AF400668496 /* Packard's Bugs */ = {
			isa = PBXGroup;
			children = (
				031980D4111E3CF000668496 /* Bug.h */,
				031980D5111E3CF000668496 /* Bug.m */,
				031980D8111E3CF000668496 /* Cell.h */,
				031980D9111E3CF000668496 /* Cell.m */,
				031980DA111E3CF000668496 /* World.h */,
				031980DB111E3CF000668496 /* World.m */,
				031981ED111E892C00668496 /* World+iPhone.h */,
				031981EE111E892C00668496 /* World+iPhone.m */,
			);
			name = "Packard's Bugs";
			sourceTree = "<group>";
		};
		031980C3111E3B6C00668496 /* ALife */ = {
			isa = PBXGroup;
			children = (
				031980C8111E3B9100668496 /* ALifeController.h */,
				031980CA111E3BBE00668496 /* ALifeCritter.h */,
				031980CB111E3BBE00668496 /* ALifeCritter.m */,
				03198111111E3E1C00668496 /* ALifeSimulation.h */,
				03198112111E3E1C00668496 /* ALifeSimulation.m */,
				03198121111E3EC500668496 /* NSArray+Shuffling.h */,
				03198122111E3EC500668496 /* NSArray+Shuffling.m */,
				03198123111E3EC500668496 /* NSString+KeyPathComponents.h */,
				03198124111E3EC500668496 /* NSString+KeyPathComponents.m */,
				0319824C111E8DCB00668496 /* UIColor+HSVSquare.h */,
				0319824D111E8DCB00668496 /* UIColor+HSVSquare.m */,
			);
			name = ALife;
			sourceTree = "<group>";
		};
		0319829A111F690F00668496 /* iPad */ = {
			isa = PBXGroup;
			children = (
				0361EE7F112265A000294A10 /* Options */,
				0361EE7E1122659C00294A10 /* Statistics */,
				038FC032121FBAD600B42BB7 /* BPEditBitmapViewController.h */,
				038FC033121FBAD600B42BB7 /* BPEditBitmapViewController.m */,
				038FC034121FBAD600B42BB7 /* BPEditBitmapViewController.xib */,
				038FC038121FBD3E00B42BB7 /* BPEditBitmapView.h */,
				038FC039121FBD3E00B42BB7 /* BPEditBitmapView.m */,
			);
			name = iPad;
			sourceTree = "<group>";
		};
		0361EE7E1122659C00294A10 /* Statistics */ = {
			isa = PBXGroup;
			children = (
				0361EE85112265ED00294A10 /* BPStatisticsViewController.h */,
				0361EE86112265ED00294A10 /* BPStatisticsViewController.m */,
				0361EE87112265ED00294A10 /* BPStatisticsViewController.xib */,
				0361EE8D1122661D00294A10 /* BPStatisticsView.h */,
				0361EE8E1122661D00294A10 /* BPStatisticsView.m */,
			);
			name = Statistics;
			sourceTree = "<group>";
		};
		0361EE7F112265A000294A10 /* Options */ = {
			isa = PBXGroup;
			children = (
				0319829D111F694D00668496 /* BPOptionsViewController.h */,
				0319829E111F694D00668496 /* BPOptionsViewController.m */,
				0319829F111F694D00668496 /* BPOptionsViewController.xib */,
				031982C1111F6E7400668496 /* BPIntegerOptionView.h */,
				031982C2111F6E7400668496 /* BPIntegerOptionView.m */,
				03F8683F1120C078005B8E78 /* BPFloatOptionView.h */,
				03F868401120C078005B8E78 /* BPFloatOptionView.m */,
				03B16418112219D700996A63 /* BitmapOptionView.h */,
				03B16419112219D700996A63 /* BitmapOptionView.m */,
			);
			name = Options;
			sourceTree = "<group>";
		};
		080E96DDFE201D6D7F000001 /* Classes */ = {
			isa = PBXGroup;
			children = (
				0319829A111F690F00668496 /* iPad */,
				031980C3111E3B6C00668496 /* ALife */,
				031980A7111E3AF400668496 /* Packard's Bugs */,
				1D3623240D0F684500981E51 /* BugpadAppDelegate.h */,
				1D3623250D0F684500981E51 /* BugpadAppDelegate.m */,
				28042007108E984D000629CD /* MasterViewController.h */,
				28042008108E984D000629CD /* MasterViewController.m */,
				28042009108E984D000629CD /* DetailViewController.h */,
				2804200A108E984D000629CD /* DetailViewController.m */,
				031980BC111E3B4300668496 /* LifeView.h */,
				031980BD111E3B4300668496 /* LifeView.m */,
				03B1640F1122186400996A63 /* PixelImage.h */,
				03B164101122186400996A63 /* PixelImage.m */,
				0361EE90112266A600294A10 /* StatisticsData.h */,
				0361EE91112266A600294A10 /* StatisticsData.m */,
			);
			path = Classes;
			sourceTree = "<group>";
		};
		19C28FACFE9D520D11CA2CBB /* Products */ = {
			isa = PBXGroup;
			children = (
				1D6058910D05DD3D006BFB54 /* Bugpad.app */,
			);
			name = Products;
			sourceTree = "<group>";
		};
		29B97314FDCFA39411CA2CEA /* CustomTemplate */ = {
			isa = PBXGroup;
			children = (
				080E96DDFE201D6D7F000001 /* Classes */,
				29B97315FDCFA39411CA2CEA /* Other Sources */,
				29B97317FDCFA39411CA2CEA /* Resources-iPad */,
				29B97323FDCFA39411CA2CEA /* Frameworks */,
				19C28FACFE9D520D11CA2CBB /* Products */,
			);
			name = CustomTemplate;
			sourceTree = "<group>";
		};
		29B97315FDCFA39411CA2CEA /* Other Sources */ = {
			isa = PBXGroup;
			children = (
				28A0AAE50D9B0CCF005BE974 /* Bugpad_Prefix.pch */,
				29B97316FDCFA39411CA2CEA /* main.m */,
			);
			name = "Other Sources";
			sourceTree = "<group>";
		};
		29B97317FDCFA39411CA2CEA /* Resources-iPad */ = {
			isa = PBXGroup;
			children = (
				0376DD441125DFD8004A8659 /* box.png */,
				031982B7111F6C9E00668496 /* PackardBugs.plist */,
				280420B3108E9F58000629CD /* Bugpad.xcdatamodel */,
				28AD735F0D9D9599002E5188 /* MainWindow.xib */,
				2804203B108E9BAB000629CD /* DetailView.xib */,
				8D1107310486CEB800E47090 /* Bugpad-Info.plist */,
			);
			name = "Resources-iPad";
			sourceTree = "<group>";
		};
		29B97323FDCFA39411CA2CEA /* Frameworks */ = {
			isa = PBXGroup;
			children = (
				1DF5F4DF0D08C38300B7A737 /* UIKit.framework */,
				1D30AB110D05D00D00671497 /* Foundation.framework */,
				2892E40F0DC94CBA00A64D0F /* CoreGraphics.framework */,
				280420C0108EA07E000629CD /* CoreData.framework */,
				03BE71B61120C831009E2399 /* QuartzCore.framework */,
			);
			name = Frameworks;
			sourceTree = "<group>";
		};
/* End PBXGroup section */

/* Begin PBXNativeTarget section */
		1D6058900D05DD3D006BFB54 /* Bugpad */ = {
			isa = PBXNativeTarget;
			buildConfigurationList = 1D6058960D05DD3E006BFB54 /* Build configuration list for PBXNativeTarget "Bugpad" */;
			buildPhases = (
				1D60588D0D05DD3D006BFB54 /* Resources */,
				1D60588E0D05DD3D006BFB54 /* Sources */,
				1D60588F0D05DD3D006BFB54 /* Frameworks */,
			);
			buildRules = (
			);
			dependencies = (
			);
			name = Bugpad;
			productName = Bugpad;
			productReference = 1D6058910D05DD3D006BFB54 /* Bugpad.app */;
			productType = "com.apple.product-type.application";
		};
/* End PBXNativeTarget section */

/* Begin PBXProject section */
		29B97313FDCFA39411CA2CEA /* Project object */ = {
			isa = PBXProject;
			buildConfigurationList = C01FCF4E08A954540054247B /* Build configuration list for PBXProject "Bugpad" */;
			compatibilityVersion = "Xcode 3.2";
			hasScannedForEncodings = 1;
			knownRegions = (
				English,
				Japanese,
				French,
				German,
				en,
			);
			mainGroup = 29B97314FDCFA39411CA2CEA /* CustomTemplate */;
			projectDirPath = "";
			projectRoot = "";
			targets = (
				1D6058900D05DD3D006BFB54 /* Bugpad */,
			);
		};
/* End PBXProject section */

/* Begin PBXResourcesBuildPhase section */
		1D60588D0D05DD3D006BFB54 /* Resources */ = {
			isa = PBXResourcesBuildPhase;
			buildActionMask = 2147483647;
			files = (
				28AD73600D9D9599002E5188 /* MainWindow.xib in Resources */,
				2804203C108E9BAB000629CD /* DetailView.xib in Resources */,
				031982A1111F694D00668496 /* BPOptionsViewController.xib in Resources */,
				031982B8111F6C9E00668496 /* PackardBugs.plist in Resources */,
				0361EE89112265ED00294A10 /* BPStatisticsViewController.xib in Resources */,
				0376DD451125DFD8004A8659 /* box.png in Resources */,
				038FC036121FBAD600B42BB7 /* BPEditBitmapViewController.xib in Resources */,
			);
			runOnlyForDeploymentPostprocessing = 0;
		};
/* End PBXResourcesBuildPhase section */

/* Begin PBXSourcesBuildPhase section */
		1D60588E0D05DD3D006BFB54 /* Sources */ = {
			isa = PBXSourcesBuildPhase;
			buildActionMask = 2147483647;
			files = (
				1D60589B0D05DD56006BFB54 /* main.m in Sources */,
				1D3623260D0F684500981E51 /* BugpadAppDelegate.m in Sources */,
				2804200B108E984D000629CD /* MasterViewController.m in Sources */,
				2804200C108E984D000629CD /* DetailViewController.m in Sources */,
				28042144108EA4AA000629CD /* Bugpad.xcdatamodel in Sources */,
				031980BE111E3B4300668496 /* LifeView.m in Sources */,
				031980CC111E3BBE00668496 /* ALifeCritter.m in Sources */,
				031980DC111E3CF000668496 /* Bug.m in Sources */,
				031980DE111E3CF000668496 /* Cell.m in Sources */,
				031980DF111E3CF000668496 /* World.m in Sources */,
				03198113111E3E1C00668496 /* ALifeSimulation.m in Sources */,
				03198125111E3EC500668496 /* NSArray+Shuffling.m in Sources */,
				03198126111E3EC500668496 /* NSString+KeyPathComponents.m in Sources */,
				031981EF111E892C00668496 /* World+iPhone.m in Sources */,
				0319824E111E8DCB00668496 /* UIColor+HSVSquare.m in Sources */,
				031982A0111F694D00668496 /* BPOptionsViewController.m in Sources */,
				031982C3111F6E7400668496 /* BPIntegerOptionView.m in Sources */,
				03F868411120C078005B8E78 /* BPFloatOptionView.m in Sources */,
				03B164111122186400996A63 /* PixelImage.m in Sources */,
				03B1641A112219D700996A63 /* BitmapOptionView.m in Sources */,
				0361EE88112265ED00294A10 /* BPStatisticsViewController.m in Sources */,
				0361EE8F1122661D00294A10 /* BPStatisticsView.m in Sources */,
				0361EE92112266A600294A10 /* StatisticsData.m in Sources */,
				038FC035121FBAD600B42BB7 /* BPEditBitmapViewController.m in Sources */,
				038FC03A121FBD3E00B42BB7 /* BPEditBitmapView.m in Sources */,
			);
			runOnlyForDeploymentPostprocessing = 0;
		};
/* End PBXSourcesBuildPhase section */

/* Begin XCBuildConfiguration section */
		1D6058940D05DD3E006BFB54 /* Debug */ = {
			isa = XCBuildConfiguration;
			buildSettings = {
				ALWAYS_SEARCH_USER_PATHS = NO;
				COPY_PHASE_STRIP = NO;
				GCC_DYNAMIC_NO_PIC = NO;
				GCC_OPTIMIZATION_LEVEL = 0;
				GCC_PRECOMPILE_PREFIX_HEADER = YES;
				GCC_PREFIX_HEADER = Bugpad_Prefix.pch;
				INFOPLIST_FILE = "Bugpad-Info.plist";
				PRODUCT_NAME = Bugpad;
				TARGETED_DEVICE_FAMILY = 2;
			};
			name = Debug;
		};
		1D6058950D05DD3E006BFB54 /* Release */ = {
			isa = XCBuildConfiguration;
			buildSettings = {
				ALWAYS_SEARCH_USER_PATHS = NO;
				COPY_PHASE_STRIP = YES;
				GCC_PRECOMPILE_PREFIX_HEADER = YES;
				GCC_PREFIX_HEADER = Bugpad_Prefix.pch;
				INFOPLIST_FILE = "Bugpad-Info.plist";
				PRODUCT_NAME = Bugpad;
				TARGETED_DEVICE_FAMILY = 2;
				VALIDATE_PRODUCT = YES;
			};
			name = Release;
		};
		C01FCF4F08A954540054247B /* Debug */ = {
			isa = XCBuildConfiguration;
			buildSettings = {
				ARCHS = "$(ARCHS_STANDARD_32_BIT)";
				"CODE_SIGN_IDENTITY[sdk=iphoneos*]" = "iPhone Developer";
				GCC_C_LANGUAGE_STANDARD = c99;
				GCC_WARN_ABOUT_RETURN_TYPE = YES;
				GCC_WARN_UNUSED_VARIABLE = YES;
				PREBINDING = NO;
				SDKROOT = iphoneos3.2;
			};
			name = Debug;
		};
		C01FCF5008A954540054247B /* Release */ = {
			isa = XCBuildConfiguration;
			buildSettings = {
				ARCHS = "$(ARCHS_STANDARD_32_BIT)";
				"CODE_SIGN_IDENTITY[sdk=iphoneos*]" = "iPhone Developer";
				GCC_C_LANGUAGE_STANDARD = c99;
				GCC_WARN_ABOUT_RETURN_TYPE = YES;
				GCC_WARN_UNUSED_VARIABLE = YES;
				PREBINDING = NO;
				SDKROOT = iphoneos3.2;
			};
			name = Release;
		};
/* End XCBuildConfiguration section */

/* Begin XCConfigurationList section */
		1D6058960D05DD3E006BFB54 /* Build configuration list for PBXNativeTarget "Bugpad" */ = {
			isa = XCConfigurationList;
			buildConfigurations = (
				1D6058940D05DD3E006BFB54 /* Debug */,
				1D6058950D05DD3E006BFB54 /* Release */,
			);
			defaultConfigurationIsVisible = 0;
			defaultConfigurationName = Release;
		};
		C01FCF4E08A954540054247B /* Build configuration list for PBXProject "Bugpad" */ = {
			isa = XCConfigurationList;
			buildConfigurations = (
				C01FCF4F08A954540054247B /* Debug */,
				C01FCF5008A954540054247B /* Release */,
			);
			defaultConfigurationIsVisible = 0;
			defaultConfigurationName = Release;
		};
/* End XCConfigurationList section */
	};
	rootObject = 29B97313FDCFA39411CA2CEA /* Project object */;
}
