// !$*UTF8*$!
{
	archiveVersion = 1;
	classes = {
	};
	objectVersion = 46;
	objects = {

/* Begin PBXBuildFile section */
		03039F0A0E3FCECB0043E65A /* headless_main.m in Sources */ = {isa = PBXBuildFile; fileRef = 03039EBE0E3FC61B0043E65A /* headless_main.m */; };
		03039F190E3FCFC90043E65A /* ALifePluginLoader.m in Sources */ = {isa = PBXBuildFile; fileRef = 03039F180E3FCFC90043E65A /* ALifePluginLoader.m */; };
		03039F1D0E3FD0D90043E65A /* ALifePluginLoader.m in Sources */ = {isa = PBXBuildFile; fileRef = 03039F180E3FCFC90043E65A /* ALifePluginLoader.m */; };
		03072B37109FB7A400F9DC20 /* Bugs.framework in Frameworks */ = {isa = PBXBuildFile; fileRef = 03496D341096BBC4009BD558 /* Bugs.framework */; };
		03072B48109FB89B00F9DC20 /* HeadlessBugs in Copy headless executable */ = {isa = PBXBuildFile; fileRef = 03039EFC0E3FCDEC0043E65A /* HeadlessBugs */; };
		030AE4AF0D87576C00BB9D39 /* StatisticsController.m in Sources */ = {isa = PBXBuildFile; fileRef = 030AE4AE0D87576C00BB9D39 /* StatisticsController.m */; };
		031C41670E306A7D00E8B508 /* FloatOptionViewController.m in Sources */ = {isa = PBXBuildFile; fileRef = 031C41660E306A7D00E8B508 /* FloatOptionViewController.m */; };
		031C416A0E306B0A00E8B508 /* FloatOptionView.xib in Resources */ = {isa = PBXBuildFile; fileRef = 031C41690E306B0A00E8B508 /* FloatOptionView.xib */; };
		03262E5B0D6A9B71002A1127 /* icon.icns in Resources */ = {isa = PBXBuildFile; fileRef = 03262E5A0D6A9B71002A1127 /* icon.icns */; };
		0339CD9D0E231E7A009C5D0D /* ALifeConfigurationViewController.m in Sources */ = {isa = PBXBuildFile; fileRef = 0339CD9C0E231E7A009C5D0D /* ALifeConfigurationViewController.m */; };
		0339CDD80E2324D7009C5D0D /* ConfigurationView.xib in Resources */ = {isa = PBXBuildFile; fileRef = 0339CDD70E2324D7009C5D0D /* ConfigurationView.xib */; };
		03496D351096BBC8009BD558 /* Bugs.framework in Frameworks */ = {isa = PBXBuildFile; fileRef = 03496D341096BBC4009BD558 /* Bugs.framework */; };
		03496D361096BBCF009BD558 /* Bugs.framework in Copy frameworks */ = {isa = PBXBuildFile; fileRef = 03496D341096BBC4009BD558 /* Bugs.framework */; };
		034DCD950E09CFDB0045943A /* AppController.m in Sources */ = {isa = PBXBuildFile; fileRef = 034DCD940E09CFDB0045943A /* AppController.m */; };
		034DCD9C0E09D1950045943A /* MainMenu.xib in Resources */ = {isa = PBXBuildFile; fileRef = 034DCD9B0E09D1950045943A /* MainMenu.xib */; };
		0351906E0E7DD5CC00205E7B /* record.png in Resources */ = {isa = PBXBuildFile; fileRef = 0351906D0E7DD5CC00205E7B /* record.png */; };
		035190700E7DD65700205E7B /* record_small.png in Resources */ = {isa = PBXBuildFile; fileRef = 0351906F0E7DD65700205E7B /* record_small.png */; };
		0351908D0E7DD8D300205E7B /* DMQuicktimeExporter.m in Sources */ = {isa = PBXBuildFile; fileRef = 0351908C0E7DD8D300205E7B /* DMQuicktimeExporter.m */; };
		035190920E7DD9D600205E7B /* QTKit.framework in Frameworks */ = {isa = PBXBuildFile; fileRef = 035190910E7DD9D600205E7B /* QTKit.framework */; };
		0359DC9B0E7F1AA300EEAC01 /* DMQuicktimeExporter.xib in Resources */ = {isa = PBXBuildFile; fileRef = 0359DC9A0E7F1AA300EEAC01 /* DMQuicktimeExporter.xib */; };
		035AF2101090377F00725226 /* Schelling.plugin in Copy plugins */ = {isa = PBXBuildFile; fileRef = 035AF0F010901C9D00725226 /* Schelling.plugin */; };
		035AF2111090377F00725226 /* Packard Bugs Plugin.plugin in Copy plugins */ = {isa = PBXBuildFile; fileRef = 035AF0BF10901B9F00725226 /* Packard Bugs Plugin.plugin */; };
		035AF28410903F6100725226 /* NSDictionary_Merging.m in Sources */ = {isa = PBXBuildFile; fileRef = 035AF28310903F6100725226 /* NSDictionary_Merging.m */; };
		0365F7B80E1BCEC30074AA88 /* ALifeWindowController.m in Sources */ = {isa = PBXBuildFile; fileRef = 0365F7B70E1BCEC30074AA88 /* ALifeWindowController.m */; };
		0365F7BC0E1BCFB20074AA88 /* ALifeWindow.xib in Resources */ = {isa = PBXBuildFile; fileRef = 0365F7BB0E1BCFB20074AA88 /* ALifeWindow.xib */; };
		03729EE00D8F1E77009FDBE8 /* StatisticsData.m in Sources */ = {isa = PBXBuildFile; fileRef = 03729EDF0D8F1E77009FDBE8 /* StatisticsData.m */; };
		037880A6106ED41A0023E6EA /* ALifeTinkerPanelController.m in Sources */ = {isa = PBXBuildFile; fileRef = 037880A5106ED41A0023E6EA /* ALifeTinkerPanelController.m */; };
		037880E6106EDA860023E6EA /* TinkerPanel.xib in Resources */ = {isa = PBXBuildFile; fileRef = 037880E5106EDA860023E6EA /* TinkerPanel.xib */; };
		03A39B880E4E362D00490AE3 /* ALifeShuffler.m in Sources */ = {isa = PBXBuildFile; fileRef = 03EDB3350E4E26F90008990A /* ALifeShuffler.m */; };
		03AE61FB0E4C909600C0E469 /* Shuffle.tif in Resources */ = {isa = PBXBuildFile; fileRef = 03AE61E10E4C902000C0E469 /* Shuffle.tif */; };
		03B539880E230663007FCED7 /* ALifeConfigurationWindowController.m in Sources */ = {isa = PBXBuildFile; fileRef = 03B539870E230663007FCED7 /* ALifeConfigurationWindowController.m */; };
		03B5398A0E2306EA007FCED7 /* ConfigurationWindow.xib in Resources */ = {isa = PBXBuildFile; fileRef = 03B539890E2306EA007FCED7 /* ConfigurationWindow.xib */; };
		03B539910E230938007FCED7 /* IntegerOptionViewController.m in Sources */ = {isa = PBXBuildFile; fileRef = 03B539900E230938007FCED7 /* IntegerOptionViewController.m */; };
		03B539A30E230B4A007FCED7 /* IntegerOptionView.xib in Resources */ = {isa = PBXBuildFile; fileRef = 03B539A20E230B4A007FCED7 /* IntegerOptionView.xib */; };
		03BE21B80E7F0388005E5D76 /* QuickTime.framework in Frameworks */ = {isa = PBXBuildFile; fileRef = 03BE21B70E7F0388005E5D76 /* QuickTime.framework */; };
		03BEDD300E54A8B600694CD2 /* StatisticsView.m in Sources */ = {isa = PBXBuildFile; fileRef = 03C26EB80D8F517100D44F7D /* StatisticsView.m */; };
		03BEDD310E54A8B600694CD2 /* StatisticsController.m in Sources */ = {isa = PBXBuildFile; fileRef = 030AE4AE0D87576C00BB9D39 /* StatisticsController.m */; };
		03BEDD650E54A92500694CD2 /* StatisticsData.m in Sources */ = {isa = PBXBuildFile; fileRef = 03729EDF0D8F1E77009FDBE8 /* StatisticsData.m */; };
		03BEDD7C0E54AAC800694CD2 /* ALifeRunExporter.m in Sources */ = {isa = PBXBuildFile; fileRef = 03BEDD7B0E54AAC800694CD2 /* ALifeRunExporter.m */; };
		03BEF43610AA0576008854C5 /* Schelling.plugin in Copy GUI plugins */ = {isa = PBXBuildFile; fileRef = 035AF0F010901C9D00725226 /* Schelling.plugin */; };
		03BEF43710AA0576008854C5 /* Packard Bugs Plugin.plugin in Copy GUI plugins */ = {isa = PBXBuildFile; fileRef = 035AF0BF10901B9F00725226 /* Packard Bugs Plugin.plugin */; };
		03C26EB90D8F517100D44F7D /* StatisticsView.m in Sources */ = {isa = PBXBuildFile; fileRef = 03C26EB80D8F517100D44F7D /* StatisticsView.m */; };
		03D46BCF0E58DC30000DE764 /* ALifeSimulationController.m in Sources */ = {isa = PBXBuildFile; fileRef = 03D46BCE0E58DC30000DE764 /* ALifeSimulationController.m */; };
		03D46C8A0E58DE15000DE764 /* ALifeSimulationController.m in Sources */ = {isa = PBXBuildFile; fileRef = 03D46BCE0E58DC30000DE764 /* ALifeSimulationController.m */; };
		03D46D6D0E592E1A000DE764 /* BitmapOptionViewController.m in Sources */ = {isa = PBXBuildFile; fileRef = 03D46D6C0E592E1A000DE764 /* BitmapOptionViewController.m */; };
		03D46D6F0E592E90000DE764 /* BitmapOptionView.xib in Resources */ = {isa = PBXBuildFile; fileRef = 03D46D6E0E592E90000DE764 /* BitmapOptionView.xib */; };
		03D46D740E5932B2000DE764 /* BitmapOptionViewController.m in Sources */ = {isa = PBXBuildFile; fileRef = 03D46D6C0E592E1A000DE764 /* BitmapOptionViewController.m */; };
		03D46EDB0E595AB0000DE764 /* Big box.png in Resources */ = {isa = PBXBuildFile; fileRef = 03D46ED60E595AB0000DE764 /* Big box.png */; };
		03D46EDC0E595AB0000DE764 /* 3x3 boxes.png in Resources */ = {isa = PBXBuildFile; fileRef = 03D46ED70E595AB0000DE764 /* 3x3 boxes.png */; };
		03D46EDD0E595AB0000DE764 /* Empty boxes.png in Resources */ = {isa = PBXBuildFile; fileRef = 03D46ED80E595AB0000DE764 /* Empty boxes.png */; };
		03D46EDE0E595AB0000DE764 /* Stripes.png in Resources */ = {isa = PBXBuildFile; fileRef = 03D46ED90E595AB0000DE764 /* Stripes.png */; };
		03D46EDF0E595AB0000DE764 /* R-pentomino.png in Resources */ = {isa = PBXBuildFile; fileRef = 03D46EDA0E595AB0000DE764 /* R-pentomino.png */; };
		03D46EE20E595C77000DE764 /* BuiltInImages.plist in Resources */ = {isa = PBXBuildFile; fileRef = 03D46EE10E595C77000DE764 /* BuiltInImages.plist */; };
		03EDB3360E4E26F90008990A /* ALifeShuffler.m in Sources */ = {isa = PBXBuildFile; fileRef = 03EDB3350E4E26F90008990A /* ALifeShuffler.m */; };
		03EF0F2B1097AB8200A0ED41 /* ALifeRunExporter.m in Sources */ = {isa = PBXBuildFile; fileRef = 03BEDD7B0E54AAC800694CD2 /* ALifeRunExporter.m */; };
		03FA837510981F7F003C6A0F /* Schelling.plugin in Copy headless plugins */ = {isa = PBXBuildFile; fileRef = 035AF0F010901C9D00725226 /* Schelling.plugin */; };
		03FA837610981F7F003C6A0F /* Packard Bugs Plugin.plugin in Copy headless plugins */ = {isa = PBXBuildFile; fileRef = 035AF0BF10901B9F00725226 /* Packard Bugs Plugin.plugin */; };
		8D11072A0486CEB800E47090 /* MainMenu.old.nib in Resources */ = {isa = PBXBuildFile; fileRef = 29B97318FDCFA39411CA2CEA /* MainMenu.old.nib */; };
		8D11072B0486CEB800E47090 /* InfoPlist.strings in Resources */ = {isa = PBXBuildFile; fileRef = 089C165CFE840E0CC02AAC07 /* InfoPlist.strings */; };
		8D11072D0486CEB800E47090 /* main.m in Sources */ = {isa = PBXBuildFile; fileRef = 29B97316FDCFA39411CA2CEA /* main.m */; settings = {ATTRIBUTES = (); }; };
		8D11072F0486CEB800E47090 /* Cocoa.framework in Frameworks */ = {isa = PBXBuildFile; fileRef = 1058C7A1FEA54F0111CA2CBB /* Cocoa.framework */; };
/* End PBXBuildFile section */

/* Begin PBXContainerItemProxy section */
		03072B44109FB87300F9DC20 /* PBXContainerItemProxy */ = {
			isa = PBXContainerItemProxy;
			containerPortal = 29B97313FDCFA39411CA2CEA /* Project object */;
			proxyType = 1;
			remoteGlobalIDString = 03039EFB0E3FCDEC0043E65A;
			remoteInfo = HeadlessBugs;
		};
		03223F671096BF3000A60416 /* PBXContainerItemProxy */ = {
			isa = PBXContainerItemProxy;
			containerPortal = 03496D2F1096BBC4009BD558 /* BugsFramework.xcodeproj */;
			proxyType = 1;
			remoteGlobalIDString = 8DC2EF4F0486A6940098B216;
			remoteInfo = Bugs;
		};
		032240441096C95800A60416 /* PBXContainerItemProxy */ = {
			isa = PBXContainerItemProxy;
			containerPortal = 035AF0EB10901C9D00725226 /* Schelling.xcodeproj */;
			proxyType = 1;
			remoteGlobalIDString = 8D5B49AC048680CD000E48DA;
			remoteInfo = Schelling;
		};
		03496D331096BBC4009BD558 /* PBXContainerItemProxy */ = {
			isa = PBXContainerItemProxy;
			containerPortal = 03496D2F1096BBC4009BD558 /* BugsFramework.xcodeproj */;
			proxyType = 2;
			remoteGlobalIDString = 8DC2EF5B0486A6940098B216;
			remoteInfo = BugsFramework;
		};
		035AF0BE10901B9F00725226 /* PBXContainerItemProxy */ = {
			isa = PBXContainerItemProxy;
			containerPortal = 035AF0BA10901B9F00725226 /* Packard Bugs Plugin.xcodeproj */;
			proxyType = 2;
			remoteGlobalIDString = 8D5B49B6048680CD000E48DA;
			remoteInfo = "Packard Bugs Plugin";
		};
		035AF0D810901C4300725226 /* PBXContainerItemProxy */ = {
			isa = PBXContainerItemProxy;
			containerPortal = 035AF0BA10901B9F00725226 /* Packard Bugs Plugin.xcodeproj */;
			proxyType = 1;
			remoteGlobalIDString = 8D5B49AC048680CD000E48DA;
			remoteInfo = "Packard Bugs Plugin";
		};
		035AF0EF10901C9D00725226 /* PBXContainerItemProxy */ = {
			isa = PBXContainerItemProxy;
			containerPortal = 035AF0EB10901C9D00725226 /* Schelling.xcodeproj */;
			proxyType = 2;
			remoteGlobalIDString = 8D5B49B6048680CD000E48DA;
			remoteInfo = Schelling;
		};
		035AF2141090379C00725226 /* PBXContainerItemProxy */ = {
			isa = PBXContainerItemProxy;
			containerPortal = 035AF0EB10901C9D00725226 /* Schelling.xcodeproj */;
			proxyType = 1;
			remoteGlobalIDString = 8D5B49AC048680CD000E48DA;
			remoteInfo = Schelling;
		};
		035AF2161090379E00725226 /* PBXContainerItemProxy */ = {
			isa = PBXContainerItemProxy;
			containerPortal = 035AF0BA10901B9F00725226 /* Packard Bugs Plugin.xcodeproj */;
			proxyType = 1;
			remoteGlobalIDString = 8D5B49AC048680CD000E48DA;
			remoteInfo = "Packard Bugs Plugin";
		};
		03DAE2D71096F02B009D10E7 /* PBXContainerItemProxy */ = {
			isa = PBXContainerItemProxy;
			containerPortal = 03496D2F1096BBC4009BD558 /* BugsFramework.xcodeproj */;
			proxyType = 1;
			remoteGlobalIDString = 8DC2EF4F0486A6940098B216;
			remoteInfo = Bugs;
		};
/* End PBXContainerItemProxy section */

/* Begin PBXCopyFilesBuildPhase section */
		03072B4E109FB8A000F9DC20 /* Copy headless executable */ = {
			isa = PBXCopyFilesBuildPhase;
			buildActionMask = 2147483647;
			dstPath = Contents/MacOS;
			dstSubfolderSpec = 1;
			files = (
				03072B48109FB89B00F9DC20 /* HeadlessBugs in Copy headless executable */,
			);
			name = "Copy headless executable";
			runOnlyForDeploymentPostprocessing = 0;
		};
		03496D1B1096BB16009BD558 /* Copy frameworks */ = {
			isa = PBXCopyFilesBuildPhase;
			buildActionMask = 2147483647;
			dstPath = "";
			dstSubfolderSpec = 10;
			files = (
				03496D361096BBCF009BD558 /* Bugs.framework in Copy frameworks */,
			);
			name = "Copy frameworks";
			runOnlyForDeploymentPostprocessing = 0;
		};
		035AF21C109037A100725226 /* Copy plugins */ = {
			isa = PBXCopyFilesBuildPhase;
			buildActionMask = 2147483647;
			dstPath = PlugIns;
			dstSubfolderSpec = 16;
			files = (
				035AF2101090377F00725226 /* Schelling.plugin in Copy plugins */,
				035AF2111090377F00725226 /* Packard Bugs Plugin.plugin in Copy plugins */,
			);
			name = "Copy plugins";
			runOnlyForDeploymentPostprocessing = 0;
		};
		03BEF44010AA057C008854C5 /* Copy GUI plugins */ = {
			isa = PBXCopyFilesBuildPhase;
			buildActionMask = 2147483647;
			dstPath = "";
			dstSubfolderSpec = 13;
			files = (
				03BEF43610AA0576008854C5 /* Schelling.plugin in Copy GUI plugins */,
				03BEF43710AA0576008854C5 /* Packard Bugs Plugin.plugin in Copy GUI plugins */,
			);
			name = "Copy GUI plugins";
			runOnlyForDeploymentPostprocessing = 0;
		};
		03DAE2DC1096F04C009D10E7 /* Copy Frameworks */ = {
			isa = PBXCopyFilesBuildPhase;
			buildActionMask = 2147483647;
			dstPath = Frameworks;
			dstSubfolderSpec = 16;
			files = (
			);
			name = "Copy Frameworks";
			runOnlyForDeploymentPostprocessing = 0;
		};
		03FA838E10981F85003C6A0F /* Copy headless plugins */ = {
			isa = PBXCopyFilesBuildPhase;
			buildActionMask = 2147483647;
			dstPath = PlugIns;
			dstSubfolderSpec = 16;
			files = (
				03FA837510981F7F003C6A0F /* Schelling.plugin in Copy headless plugins */,
				03FA837610981F7F003C6A0F /* Packard Bugs Plugin.plugin in Copy headless plugins */,
			);
			name = "Copy headless plugins";
			runOnlyForDeploymentPostprocessing = 0;
		};
/* End PBXCopyFilesBuildPhase section */

/* Begin PBXFileReference section */
		03039EBE0E3FC61B0043E65A /* headless_main.m */ = {isa = PBXFileReference; fileEncoding = 4; lastKnownFileType = sourcecode.c.objc; path = headless_main.m; sourceTree = "<group>"; };
		03039EFC0E3FCDEC0043E65A /* HeadlessBugs */ = {isa = PBXFileReference; explicitFileType = "compiled.mach-o.executable"; includeInIndex = 0; path = HeadlessBugs; sourceTree = BUILT_PRODUCTS_DIR; };
		03039F170E3FCFC90043E65A /* ALifePluginLoader.h */ = {isa = PBXFileReference; fileEncoding = 4; lastKnownFileType = sourcecode.c.h; path = ALifePluginLoader.h; sourceTree = "<group>"; };
		03039F180E3FCFC90043E65A /* ALifePluginLoader.m */ = {isa = PBXFileReference; fileEncoding = 4; lastKnownFileType = sourcecode.c.objc; path = ALifePluginLoader.m; sourceTree = "<group>"; };
		030AE4AD0D87576C00BB9D39 /* StatisticsController.h */ = {isa = PBXFileReference; fileEncoding = 4; lastKnownFileType = sourcecode.c.h; path = StatisticsController.h; sourceTree = "<group>"; };
		030AE4AE0D87576C00BB9D39 /* StatisticsController.m */ = {isa = PBXFileReference; fileEncoding = 4; lastKnownFileType = sourcecode.c.objc; path = StatisticsController.m; sourceTree = "<group>"; };
		031C41650E306A7D00E8B508 /* FloatOptionViewController.h */ = {isa = PBXFileReference; fileEncoding = 4; lastKnownFileType = sourcecode.c.h; path = FloatOptionViewController.h; sourceTree = "<group>"; };
		031C41660E306A7D00E8B508 /* FloatOptionViewController.m */ = {isa = PBXFileReference; fileEncoding = 4; lastKnownFileType = sourcecode.c.objc; path = FloatOptionViewController.m; sourceTree = "<group>"; };
		031C41690E306B0A00E8B508 /* FloatOptionView.xib */ = {isa = PBXFileReference; lastKnownFileType = file.xib; path = FloatOptionView.xib; sourceTree = "<group>"; };
		03262E5A0D6A9B71002A1127 /* icon.icns */ = {isa = PBXFileReference; lastKnownFileType = image.icns; path = icon.icns; sourceTree = "<group>"; };
		0339CD9B0E231E7A009C5D0D /* ALifeConfigurationViewController.h */ = {isa = PBXFileReference; fileEncoding = 4; lastKnownFileType = sourcecode.c.h; path = ALifeConfigurationViewController.h; sourceTree = "<group>"; };
		0339CD9C0E231E7A009C5D0D /* ALifeConfigurationViewController.m */ = {isa = PBXFileReference; fileEncoding = 4; lastKnownFileType = sourcecode.c.objc; path = ALifeConfigurationViewController.m; sourceTree = "<group>"; };
		0339CDD70E2324D7009C5D0D /* ConfigurationView.xib */ = {isa = PBXFileReference; lastKnownFileType = file.xib; path = ConfigurationView.xib; sourceTree = "<group>"; };
		03459F721092DD1300116C5A /* test.cocoabugs */ = {isa = PBXFileReference; fileEncoding = 4; lastKnownFileType = text.xml; name = test.cocoabugs; path = ../../Desktop/test.cocoabugs; sourceTree = SOURCE_ROOT; };
		03496D2F1096BBC4009BD558 /* BugsFramework.xcodeproj */ = {isa = PBXFileReference; lastKnownFileType = "wrapper.pb-project"; name = BugsFramework.xcodeproj; path = ../BugsFramework/BugsFramework.xcodeproj; sourceTree = SOURCE_ROOT; };
		034DCD930E09CFDB0045943A /* AppController.h */ = {isa = PBXFileReference; fileEncoding = 4; lastKnownFileType = sourcecode.c.h; path = AppController.h; sourceTree = "<group>"; };
		034DCD940E09CFDB0045943A /* AppController.m */ = {isa = PBXFileReference; fileEncoding = 4; lastKnownFileType = sourcecode.c.objc; path = AppController.m; sourceTree = "<group>"; };
		034DCD9B0E09D1950045943A /* MainMenu.xib */ = {isa = PBXFileReference; lastKnownFileType = file.xib; path = MainMenu.xib; sourceTree = "<group>"; };
		0351906D0E7DD5CC00205E7B /* record.png */ = {isa = PBXFileReference; lastKnownFileType = image.png; path = record.png; sourceTree = "<group>"; };
		0351906F0E7DD65700205E7B /* record_small.png */ = {isa = PBXFileReference; lastKnownFileType = image.png; path = record_small.png; sourceTree = "<group>"; };
		0351908B0E7DD8D300205E7B /* DMQuicktimeExporter.h */ = {isa = PBXFileReference; fileEncoding = 4; lastKnownFileType = sourcecode.c.h; path = DMQuicktimeExporter.h; sourceTree = "<group>"; };
		0351908C0E7DD8D300205E7B /* DMQuicktimeExporter.m */ = {isa = PBXFileReference; fileEncoding = 4; lastKnownFileType = sourcecode.c.objc; path = DMQuicktimeExporter.m; sourceTree = "<group>"; };
		035190910E7DD9D600205E7B /* QTKit.framework */ = {isa = PBXFileReference; lastKnownFileType = wrapper.framework; name = QTKit.framework; path = /System/Library/Frameworks/QTKit.framework; sourceTree = "<absolute>"; };
		0359DC9A0E7F1AA300EEAC01 /* DMQuicktimeExporter.xib */ = {isa = PBXFileReference; lastKnownFileType = file.xib; path = DMQuicktimeExporter.xib; sourceTree = "<group>"; };
		035AF0BA10901B9F00725226 /* Packard Bugs Plugin.xcodeproj */ = {isa = PBXFileReference; lastKnownFileType = "wrapper.pb-project"; name = "Packard Bugs Plugin.xcodeproj"; path = "../plugins/Packard Bugs/Packard Bugs Plugin.xcodeproj"; sourceTree = SOURCE_ROOT; };
		035AF0EB10901C9D00725226 /* Schelling.xcodeproj */ = {isa = PBXFileReference; lastKnownFileType = "wrapper.pb-project"; name = Schelling.xcodeproj; path = ../plugins/Schelling/Schelling.xcodeproj; sourceTree = SOURCE_ROOT; };
		035AF28210903F6100725226 /* NSDictionary_Merging.h */ = {isa = PBXFileReference; fileEncoding = 4; lastKnownFileType = sourcecode.c.h; path = NSDictionary_Merging.h; sourceTree = "<group>"; };
		035AF28310903F6100725226 /* NSDictionary_Merging.m */ = {isa = PBXFileReference; fileEncoding = 4; lastKnownFileType = sourcecode.c.objc; path = NSDictionary_Merging.m; sourceTree = "<group>"; };
		0365F7B60E1BCEC30074AA88 /* ALifeWindowController.h */ = {isa = PBXFileReference; fileEncoding = 4; lastKnownFileType = sourcecode.c.h; path = ALifeWindowController.h; sourceTree = "<group>"; };
		0365F7B70E1BCEC30074AA88 /* ALifeWindowController.m */ = {isa = PBXFileReference; fileEncoding = 4; lastKnownFileType = sourcecode.c.objc; path = ALifeWindowController.m; sourceTree = "<group>"; };
		0365F7BB0E1BCFB20074AA88 /* ALifeWindow.xib */ = {isa = PBXFileReference; lastKnownFileType = file.xib; path = ALifeWindow.xib; sourceTree = "<group>"; };
		03729EDE0D8F1E77009FDBE8 /* StatisticsData.h */ = {isa = PBXFileReference; fileEncoding = 4; lastKnownFileType = sourcecode.c.h; path = StatisticsData.h; sourceTree = "<group>"; };
		03729EDF0D8F1E77009FDBE8 /* StatisticsData.m */ = {isa = PBXFileReference; fileEncoding = 4; lastKnownFileType = sourcecode.c.objc; path = StatisticsData.m; sourceTree = "<group>"; };
		037880A4106ED41A0023E6EA /* ALifeTinkerPanelController.h */ = {isa = PBXFileReference; fileEncoding = 4; lastKnownFileType = sourcecode.c.h; path = ALifeTinkerPanelController.h; sourceTree = "<group>"; };
		037880A5106ED41A0023E6EA /* ALifeTinkerPanelController.m */ = {isa = PBXFileReference; fileEncoding = 4; lastKnownFileType = sourcecode.c.objc; path = ALifeTinkerPanelController.m; sourceTree = "<group>"; };
		037880E5106EDA860023E6EA /* TinkerPanel.xib */ = {isa = PBXFileReference; lastKnownFileType = file.xib; path = TinkerPanel.xib; sourceTree = "<group>"; };
		03A10DB310B3DC590039B8E4 /* GameOfLife.plugin.bundle */ = {isa = PBXFileReference; explicitFileType = wrapper.cfbundle; includeInIndex = 0; path = GameOfLife.plugin.bundle; sourceTree = BUILT_PRODUCTS_DIR; };
		03A10DB410B3DC590039B8E4 /* GameOfLife.plugin-Info.plist */ = {isa = PBXFileReference; lastKnownFileType = text.plist.xml; path = "GameOfLife.plugin-Info.plist"; sourceTree = "<group>"; };
		03AE61E10E4C902000C0E469 /* Shuffle.tif */ = {isa = PBXFileReference; lastKnownFileType = image.tiff; path = Shuffle.tif; sourceTree = "<group>"; };
		03B539860E230663007FCED7 /* ALifeConfigurationWindowController.h */ = {isa = PBXFileReference; fileEncoding = 4; lastKnownFileType = sourcecode.c.h; path = ALifeConfigurationWindowController.h; sourceTree = "<group>"; };
		03B539870E230663007FCED7 /* ALifeConfigurationWindowController.m */ = {isa = PBXFileReference; fileEncoding = 4; lastKnownFileType = sourcecode.c.objc; path = ALifeConfigurationWindowController.m; sourceTree = "<group>"; };
		03B539890E2306EA007FCED7 /* ConfigurationWindow.xib */ = {isa = PBXFileReference; lastKnownFileType = file.xib; path = ConfigurationWindow.xib; sourceTree = "<group>"; };
		03B5398F0E230938007FCED7 /* IntegerOptionViewController.h */ = {isa = PBXFileReference; fileEncoding = 4; lastKnownFileType = sourcecode.c.h; path = IntegerOptionViewController.h; sourceTree = "<group>"; };
		03B539900E230938007FCED7 /* IntegerOptionViewController.m */ = {isa = PBXFileReference; fileEncoding = 4; lastKnownFileType = sourcecode.c.objc; path = IntegerOptionViewController.m; sourceTree = "<group>"; };
		03B539A20E230B4A007FCED7 /* IntegerOptionView.xib */ = {isa = PBXFileReference; lastKnownFileType = file.xib; path = IntegerOptionView.xib; sourceTree = "<group>"; };
		03BE21B70E7F0388005E5D76 /* QuickTime.framework */ = {isa = PBXFileReference; lastKnownFileType = wrapper.framework; name = QuickTime.framework; path = /System/Library/Frameworks/QuickTime.framework; sourceTree = "<absolute>"; };
		03BEDBD00E549AAF00694CD2 /* StatisticsTableView.h */ = {isa = PBXFileReference; fileEncoding = 4; lastKnownFileType = sourcecode.c.h; path = StatisticsTableView.h; sourceTree = "<group>"; };
		03BEDBD10E549AAF00694CD2 /* StatisticsTableView.m */ = {isa = PBXFileReference; fileEncoding = 4; lastKnownFileType = sourcecode.c.objc; path = StatisticsTableView.m; sourceTree = "<group>"; };
		03BEDD7A0E54AAC800694CD2 /* ALifeRunExporter.h */ = {isa = PBXFileReference; fileEncoding = 4; lastKnownFileType = sourcecode.c.h; path = ALifeRunExporter.h; sourceTree = "<group>"; };
		03BEDD7B0E54AAC800694CD2 /* ALifeRunExporter.m */ = {isa = PBXFileReference; fileEncoding = 4; lastKnownFileType = sourcecode.c.objc; path = ALifeRunExporter.m; sourceTree = "<group>"; };
		03C26EB70D8F517100D44F7D /* StatisticsView.h */ = {isa = PBXFileReference; fileEncoding = 4; lastKnownFileType = sourcecode.c.h; path = StatisticsView.h; sourceTree = "<group>"; };
		03C26EB80D8F517100D44F7D /* StatisticsView.m */ = {isa = PBXFileReference; fileEncoding = 4; lastKnownFileType = sourcecode.c.objc; path = StatisticsView.m; sourceTree = "<group>"; };
		03D46BCD0E58DC30000DE764 /* ALifeSimulationController.h */ = {isa = PBXFileReference; fileEncoding = 4; lastKnownFileType = sourcecode.c.h; path = ALifeSimulationController.h; sourceTree = "<group>"; };
		03D46BCE0E58DC30000DE764 /* ALifeSimulationController.m */ = {isa = PBXFileReference; fileEncoding = 4; lastKnownFileType = sourcecode.c.objc; path = ALifeSimulationController.m; sourceTree = "<group>"; };
		03D46D6B0E592E1A000DE764 /* BitmapOptionViewController.h */ = {isa = PBXFileReference; fileEncoding = 4; lastKnownFileType = sourcecode.c.h; path = BitmapOptionViewController.h; sourceTree = "<group>"; };
		03D46D6C0E592E1A000DE764 /* BitmapOptionViewController.m */ = {isa = PBXFileReference; fileEncoding = 4; lastKnownFileType = sourcecode.c.objc; path = BitmapOptionViewController.m; sourceTree = "<group>"; };
		03D46D6E0E592E90000DE764 /* BitmapOptionView.xib */ = {isa = PBXFileReference; lastKnownFileType = file.xib; path = BitmapOptionView.xib; sourceTree = "<group>"; };
		03D46ED60E595AB0000DE764 /* Big box.png */ = {isa = PBXFileReference; lastKnownFileType = image.png; path = "Big box.png"; sourceTree = "<group>"; };
		03D46ED70E595AB0000DE764 /* 3x3 boxes.png */ = {isa = PBXFileReference; lastKnownFileType = image.png; path = "3x3 boxes.png"; sourceTree = "<group>"; };
		03D46ED80E595AB0000DE764 /* Empty boxes.png */ = {isa = PBXFileReference; lastKnownFileType = image.png; path = "Empty boxes.png"; sourceTree = "<group>"; };
		03D46ED90E595AB0000DE764 /* Stripes.png */ = {isa = PBXFileReference; lastKnownFileType = image.png; path = Stripes.png; sourceTree = "<group>"; };
		03D46EDA0E595AB0000DE764 /* R-pentomino.png */ = {isa = PBXFileReference; lastKnownFileType = image.png; path = "R-pentomino.png"; sourceTree = "<group>"; };
		03D46EE10E595C77000DE764 /* BuiltInImages.plist */ = {isa = PBXFileReference; fileEncoding = 4; lastKnownFileType = text.plist.xml; path = BuiltInImages.plist; sourceTree = "<group>"; };
		03DAE2E91096F162009D10E7 /* HeadlessBugs_Prefix.pch */ = {isa = PBXFileReference; fileEncoding = 4; lastKnownFileType = sourcecode.c.h; path = HeadlessBugs_Prefix.pch; sourceTree = "<group>"; };
		03EDB3340E4E26F90008990A /* ALifeShuffler.h */ = {isa = PBXFileReference; fileEncoding = 4; lastKnownFileType = sourcecode.c.h; path = ALifeShuffler.h; sourceTree = "<group>"; };
		03EDB3350E4E26F90008990A /* ALifeShuffler.m */ = {isa = PBXFileReference; fileEncoding = 4; lastKnownFileType = sourcecode.c.objc; path = ALifeShuffler.m; sourceTree = "<group>"; };
		089C165DFE840E0CC02AAC07 /* English */ = {isa = PBXFileReference; fileEncoding = 10; lastKnownFileType = text.plist.strings; name = English; path = English.lproj/InfoPlist.strings; sourceTree = "<group>"; };
		1058C7A1FEA54F0111CA2CBB /* Cocoa.framework */ = {isa = PBXFileReference; lastKnownFileType = wrapper.framework; name = Cocoa.framework; path = /System/Library/Frameworks/Cocoa.framework; sourceTree = "<absolute>"; };
		13E42FB307B3F0F600E4EEF1 /* CoreData.framework */ = {isa = PBXFileReference; lastKnownFileType = wrapper.framework; name = CoreData.framework; path = /System/Library/Frameworks/CoreData.framework; sourceTree = "<absolute>"; };
		29B97316FDCFA39411CA2CEA /* main.m */ = {isa = PBXFileReference; fileEncoding = 4; lastKnownFileType = sourcecode.c.objc; path = main.m; sourceTree = "<group>"; };
		29B97319FDCFA39411CA2CEA /* English */ = {isa = PBXFileReference; lastKnownFileType = wrapper.nib; name = English; path = English.lproj/MainMenu.old.nib; sourceTree = "<group>"; };
		29B97324FDCFA39411CA2CEA /* AppKit.framework */ = {isa = PBXFileReference; lastKnownFileType = wrapper.framework; name = AppKit.framework; path = /System/Library/Frameworks/AppKit.framework; sourceTree = "<absolute>"; };
		29B97325FDCFA39411CA2CEA /* Foundation.framework */ = {isa = PBXFileReference; lastKnownFileType = wrapper.framework; name = Foundation.framework; path = /System/Library/Frameworks/Foundation.framework; sourceTree = "<absolute>"; };
		32CA4F630368D1EE00C91783 /* CocoaBugs_Prefix.pch */ = {isa = PBXFileReference; fileEncoding = 4; lastKnownFileType = sourcecode.c.h; path = CocoaBugs_Prefix.pch; sourceTree = "<group>"; };
		8D1107310486CEB800E47090 /* Info.plist */ = {isa = PBXFileReference; fileEncoding = 4; lastKnownFileType = text.plist.xml; path = Info.plist; sourceTree = "<group>"; };
		8D1107320486CEB800E47090 /* CocoaBugs.app */ = {isa = PBXFileReference; explicitFileType = wrapper.application; includeInIndex = 0; path = CocoaBugs.app; sourceTree = BUILT_PRODUCTS_DIR; };
/* End PBXFileReference section */

/* Begin PBXFrameworksBuildPhase section */
		03039EFA0E3FCDEC0043E65A /* Frameworks */ = {
			isa = PBXFrameworksBuildPhase;
			buildActionMask = 2147483647;
			files = (
				03072B37109FB7A400F9DC20 /* Bugs.framework in Frameworks */,
			);
			runOnlyForDeploymentPostprocessing = 0;
		};
		03A10DB110B3DC590039B8E4 /* Frameworks */ = {
			isa = PBXFrameworksBuildPhase;
			buildActionMask = 2147483647;
			files = (
			);
			runOnlyForDeploymentPostprocessing = 0;
		};
		8D11072E0486CEB800E47090 /* Frameworks */ = {
			isa = PBXFrameworksBuildPhase;
			buildActionMask = 2147483647;
			files = (
				8D11072F0486CEB800E47090 /* Cocoa.framework in Frameworks */,
				035190920E7DD9D600205E7B /* QTKit.framework in Frameworks */,
				03BE21B80E7F0388005E5D76 /* QuickTime.framework in Frameworks */,
				03496D351096BBC8009BD558 /* Bugs.framework in Frameworks */,
			);
			runOnlyForDeploymentPostprocessing = 0;
		};
/* End PBXFrameworksBuildPhase section */

/* Begin PBXGroup section */
		0339CFF30E240E05009C5D0D /* Configuration */ = {
			isa = PBXGroup;
			children = (
				0339CD9B0E231E7A009C5D0D /* ALifeConfigurationViewController.h */,
				0339CD9C0E231E7A009C5D0D /* ALifeConfigurationViewController.m */,
				03B5398F0E230938007FCED7 /* IntegerOptionViewController.h */,
				03B539900E230938007FCED7 /* IntegerOptionViewController.m */,
				031C41650E306A7D00E8B508 /* FloatOptionViewController.h */,
				031C41660E306A7D00E8B508 /* FloatOptionViewController.m */,
				03D46D6B0E592E1A000DE764 /* BitmapOptionViewController.h */,
				03D46D6C0E592E1A000DE764 /* BitmapOptionViewController.m */,
			);
			name = Configuration;
			sourceTree = "<group>";
		};
		03496D301096BBC4009BD558 /* Products */ = {
			isa = PBXGroup;
			children = (
				03496D341096BBC4009BD558 /* Bugs.framework */,
			);
			name = Products;
			sourceTree = "<group>";
		};
		035AF0B910901B8E00725226 /* Plugins */ = {
			isa = PBXGroup;
			children = (
				035AF0EB10901C9D00725226 /* Schelling.xcodeproj */,
				035AF0BA10901B9F00725226 /* Packard Bugs Plugin.xcodeproj */,
			);
			name = Plugins;
			sourceTree = "<group>";
		};
		035AF0BB10901B9F00725226 /* Products */ = {
			isa = PBXGroup;
			children = (
				035AF0BF10901B9F00725226 /* Packard Bugs Plugin.plugin */,
			);
			name = Products;
			sourceTree = "<group>";
		};
		035AF0EC10901C9D00725226 /* Products */ = {
			isa = PBXGroup;
			children = (
				035AF0F010901C9D00725226 /* Schelling.plugin */,
			);
			name = Products;
			sourceTree = "<group>";
		};
		038E9C590D70FFFA00325776 /* Models */ = {
			isa = PBXGroup;
			children = (
				03729EDE0D8F1E77009FDBE8 /* StatisticsData.h */,
				03729EDF0D8F1E77009FDBE8 /* StatisticsData.m */,
				03039F170E3FCFC90043E65A /* ALifePluginLoader.h */,
				03039F180E3FCFC90043E65A /* ALifePluginLoader.m */,
				03EDB3340E4E26F90008990A /* ALifeShuffler.h */,
				03EDB3350E4E26F90008990A /* ALifeShuffler.m */,
			);
			name = Models;
			sourceTree = "<group>";
		};
		038E9C5C0D71000200325776 /* Views */ = {
			isa = PBXGroup;
			children = (
				03C26EB70D8F517100D44F7D /* StatisticsView.h */,
				03C26EB80D8F517100D44F7D /* StatisticsView.m */,
				03BEDBD00E549AAF00694CD2 /* StatisticsTableView.h */,
				03BEDBD10E549AAF00694CD2 /* StatisticsTableView.m */,
			);
			name = Views;
			sourceTree = "<group>";
		};
		038E9C610D71000E00325776 /* Controllers */ = {
			isa = PBXGroup;
			children = (
				030AE4AD0D87576C00BB9D39 /* StatisticsController.h */,
				030AE4AE0D87576C00BB9D39 /* StatisticsController.m */,
				034DCD930E09CFDB0045943A /* AppController.h */,
				034DCD940E09CFDB0045943A /* AppController.m */,
				03D46BCD0E58DC30000DE764 /* ALifeSimulationController.h */,
				03D46BCE0E58DC30000DE764 /* ALifeSimulationController.m */,
				0365F7B60E1BCEC30074AA88 /* ALifeWindowController.h */,
				0365F7B70E1BCEC30074AA88 /* ALifeWindowController.m */,
				03B539860E230663007FCED7 /* ALifeConfigurationWindowController.h */,
				03B539870E230663007FCED7 /* ALifeConfigurationWindowController.m */,
				0339CFF30E240E05009C5D0D /* Configuration */,
				037880A4106ED41A0023E6EA /* ALifeTinkerPanelController.h */,
				037880A5106ED41A0023E6EA /* ALifeTinkerPanelController.m */,
			);
			name = Controllers;
			sourceTree = "<group>";
		};
		03BEDD790E54AABD00694CD2 /* Exporting */ = {
			isa = PBXGroup;
			children = (
				03BEDD7A0E54AAC800694CD2 /* ALifeRunExporter.h */,
				03BEDD7B0E54AAC800694CD2 /* ALifeRunExporter.m */,
				0351908B0E7DD8D300205E7B /* DMQuicktimeExporter.h */,
				0351908C0E7DD8D300205E7B /* DMQuicktimeExporter.m */,
			);
			name = Exporting;
			sourceTree = "<group>";
		};
		03D46ECA0E595A9A000DE764 /* bitmaps */ = {
			isa = PBXGroup;
			children = (
				03D46ED60E595AB0000DE764 /* Big box.png */,
				03D46ED70E595AB0000DE764 /* 3x3 boxes.png */,
				03D46ED80E595AB0000DE764 /* Empty boxes.png */,
				03D46ED90E595AB0000DE764 /* Stripes.png */,
				03D46EDA0E595AB0000DE764 /* R-pentomino.png */,
			);
			name = bitmaps;
			sourceTree = "<group>";
		};
		1058C7A0FEA54F0111CA2CBB /* Linked Frameworks */ = {
			isa = PBXGroup;
			children = (
				03BE21B70E7F0388005E5D76 /* QuickTime.framework */,
				035190910E7DD9D600205E7B /* QTKit.framework */,
				1058C7A1FEA54F0111CA2CBB /* Cocoa.framework */,
			);
			name = "Linked Frameworks";
			sourceTree = "<group>";
		};
		1058C7A2FEA54F0111CA2CBB /* Other Frameworks */ = {
			isa = PBXGroup;
			children = (
				29B97324FDCFA39411CA2CEA /* AppKit.framework */,
				13E42FB307B3F0F600E4EEF1 /* CoreData.framework */,
				29B97325FDCFA39411CA2CEA /* Foundation.framework */,
			);
			name = "Other Frameworks";
			sourceTree = "<group>";
		};
		19C28FACFE9D520D11CA2CBB /* Products */ = {
			isa = PBXGroup;
			children = (
				8D1107320486CEB800E47090 /* CocoaBugs.app */,
				03039EFC0E3FCDEC0043E65A /* HeadlessBugs */,
				03A10DB310B3DC590039B8E4 /* GameOfLife.plugin.bundle */,
			);
			name = Products;
			sourceTree = "<group>";
		};
		29B97314FDCFA39411CA2CEA /* CocoaBugs */ = {
			isa = PBXGroup;
			children = (
				03BEDD790E54AABD00694CD2 /* Exporting */,
				038E9C590D70FFFA00325776 /* Models */,
				038E9C5C0D71000200325776 /* Views */,
				038E9C610D71000E00325776 /* Controllers */,
				29B97315FDCFA39411CA2CEA /* Other Sources */,
				29B97317FDCFA39411CA2CEA /* Resources */,
				29B97323FDCFA39411CA2CEA /* Frameworks */,
				035AF0B910901B8E00725226 /* Plugins */,
				19C28FACFE9D520D11CA2CBB /* Products */,
				03A10DB410B3DC590039B8E4 /* GameOfLife.plugin-Info.plist */,
			);
			name = CocoaBugs;
			sourceTree = "<group>";
		};
		29B97315FDCFA39411CA2CEA /* Other Sources */ = {
			isa = PBXGroup;
			children = (
				32CA4F630368D1EE00C91783 /* CocoaBugs_Prefix.pch */,
				29B97316FDCFA39411CA2CEA /* main.m */,
				03039EBE0E3FC61B0043E65A /* headless_main.m */,
				035AF28210903F6100725226 /* NSDictionary_Merging.h */,
				035AF28310903F6100725226 /* NSDictionary_Merging.m */,
				03DAE2E91096F162009D10E7 /* HeadlessBugs_Prefix.pch */,
			);
			name = "Other Sources";
			sourceTree = "<group>";
		};
		29B97317FDCFA39411CA2CEA /* Resources */ = {
			isa = PBXGroup;
			children = (
				03D46ECA0E595A9A000DE764 /* bitmaps */,
				03AE61E10E4C902000C0E469 /* Shuffle.tif */,
				0351906D0E7DD5CC00205E7B /* record.png */,
				0351906F0E7DD65700205E7B /* record_small.png */,
				03262E5A0D6A9B71002A1127 /* icon.icns */,
				03459F721092DD1300116C5A /* test.cocoabugs */,
				8D1107310486CEB800E47090 /* Info.plist */,
				03D46EE10E595C77000DE764 /* BuiltInImages.plist */,
				089C165CFE840E0CC02AAC07 /* InfoPlist.strings */,
				29B97318FDCFA39411CA2CEA /* MainMenu.old.nib */,
				034DCD9B0E09D1950045943A /* MainMenu.xib */,
				0365F7BB0E1BCFB20074AA88 /* ALifeWindow.xib */,
				03B539890E2306EA007FCED7 /* ConfigurationWindow.xib */,
				03B539A20E230B4A007FCED7 /* IntegerOptionView.xib */,
				0339CDD70E2324D7009C5D0D /* ConfigurationView.xib */,
				031C41690E306B0A00E8B508 /* FloatOptionView.xib */,
				03D46D6E0E592E90000DE764 /* BitmapOptionView.xib */,
				0359DC9A0E7F1AA300EEAC01 /* DMQuicktimeExporter.xib */,
				037880E5106EDA860023E6EA /* TinkerPanel.xib */,
			);
			name = Resources;
			sourceTree = "<group>";
		};
		29B97323FDCFA39411CA2CEA /* Frameworks */ = {
			isa = PBXGroup;
			children = (
				1058C7A0FEA54F0111CA2CBB /* Linked Frameworks */,
				1058C7A2FEA54F0111CA2CBB /* Other Frameworks */,
				03496D2F1096BBC4009BD558 /* BugsFramework.xcodeproj */,
			);
			name = Frameworks;
			sourceTree = "<group>";
		};
/* End PBXGroup section */

/* Begin PBXNativeTarget section */
		03039EFB0E3FCDEC0043E65A /* HeadlessBugs */ = {
			isa = PBXNativeTarget;
			buildConfigurationList = 03039F060E3FCE010043E65A /* Build configuration list for PBXNativeTarget "HeadlessBugs" */;
			buildPhases = (
				03DAE2DC1096F04C009D10E7 /* Copy Frameworks */,
				03039EF90E3FCDEC0043E65A /* Sources */,
				03039EFA0E3FCDEC0043E65A /* Frameworks */,
				035AF21C109037A100725226 /* Copy plugins */,
				03459F801092DD9400116C5A /* ShellScript */,
			);
			buildRules = (
			);
			dependencies = (
				03DAE2D81096F02B009D10E7 /* PBXTargetDependency */,
				035AF2151090379C00725226 /* PBXTargetDependency */,
				035AF2171090379E00725226 /* PBXTargetDependency */,
			);
			name = HeadlessBugs;
			productName = HeadlessBugs;
			productReference = 03039EFC0E3FCDEC0043E65A /* HeadlessBugs */;
			productType = "com.apple.product-type.tool";
		};
		03A10DB210B3DC590039B8E4 /* GameOfLife.plugin */ = {
			isa = PBXNativeTarget;
			buildConfigurationList = 03A10DB710B3DC5A0039B8E4 /* Build configuration list for PBXNativeTarget "GameOfLife.plugin" */;
			buildPhases = (
				03A10DAF10B3DC590039B8E4 /* Resources */,
				03A10DB010B3DC590039B8E4 /* Sources */,
				03A10DB110B3DC590039B8E4 /* Frameworks */,
			);
			buildRules = (
			);
			dependencies = (
			);
			name = GameOfLife.plugin;
			productName = GameOfLife.plugin;
			productReference = 03A10DB310B3DC590039B8E4 /* GameOfLife.plugin.bundle */;
			productType = "com.apple.product-type.bundle";
		};
		8D1107260486CEB800E47090 /* CocoaBugs */ = {
			isa = PBXNativeTarget;
			buildConfigurationList = C01FCF4A08A954540054247B /* Build configuration list for PBXNativeTarget "CocoaBugs" */;
			buildPhases = (
				03496D1B1096BB16009BD558 /* Copy frameworks */,
				8D1107290486CEB800E47090 /* Resources */,
				8D11072C0486CEB800E47090 /* Sources */,
				8D11072E0486CEB800E47090 /* Frameworks */,
				03FA838E10981F85003C6A0F /* Copy headless plugins */,
				03072B4E109FB8A000F9DC20 /* Copy headless executable */,
				03072B50109FB8B900F9DC20 /* Symlink headless executable */,
				03BEF44010AA057C008854C5 /* Copy GUI plugins */,
			);
			buildRules = (
			);
			dependencies = (
				03223F681096BF3000A60416 /* PBXTargetDependency */,
				035AF0D910901C4300725226 /* PBXTargetDependency */,
				032240451096C95800A60416 /* PBXTargetDependency */,
				03072B45109FB87300F9DC20 /* PBXTargetDependency */,
			);
			name = CocoaBugs;
			productInstallPath = "$(HOME)/Applications";
			productName = CocoaBugs;
			productReference = 8D1107320486CEB800E47090 /* CocoaBugs.app */;
			productType = "com.apple.product-type.application";
		};
/* End PBXNativeTarget section */

/* Begin PBXProject section */
		29B97313FDCFA39411CA2CEA /* Project object */ = {
			isa = PBXProject;
			attributes = {
				LastUpgradeCheck = 0460;
			};
			buildConfigurationList = C01FCF4E08A954540054247B /* Build configuration list for PBXProject "CocoaBugs" */;
			compatibilityVersion = "Xcode 3.2";
			developmentRegion = English;
			hasScannedForEncodings = 1;
			knownRegions = (
				en,
			);
			mainGroup = 29B97314FDCFA39411CA2CEA /* CocoaBugs */;
			projectDirPath = "";
			projectReferences = (
				{
					ProductGroup = 03496D301096BBC4009BD558 /* Products */;
					ProjectRef = 03496D2F1096BBC4009BD558 /* BugsFramework.xcodeproj */;
				},
				{
					ProductGroup = 035AF0BB10901B9F00725226 /* Products */;
					ProjectRef = 035AF0BA10901B9F00725226 /* Packard Bugs Plugin.xcodeproj */;
				},
				{
					ProductGroup = 035AF0EC10901C9D00725226 /* Products */;
					ProjectRef = 035AF0EB10901C9D00725226 /* Schelling.xcodeproj */;
				},
			);
			projectRoot = "";
			targets = (
				8D1107260486CEB800E47090 /* CocoaBugs */,
				03039EFB0E3FCDEC0043E65A /* HeadlessBugs */,
				03A10DB210B3DC590039B8E4 /* GameOfLife.plugin */,
			);
		};
/* End PBXProject section */

/* Begin PBXReferenceProxy section */
		03496D341096BBC4009BD558 /* Bugs.framework */ = {
			isa = PBXReferenceProxy;
			fileType = wrapper.framework;
			path = Bugs.framework;
			remoteRef = 03496D331096BBC4009BD558 /* PBXContainerItemProxy */;
			sourceTree = BUILT_PRODUCTS_DIR;
		};
		035AF0BF10901B9F00725226 /* Packard Bugs Plugin.plugin */ = {
			isa = PBXReferenceProxy;
			fileType = wrapper.cfbundle;
			path = "Packard Bugs Plugin.plugin";
			remoteRef = 035AF0BE10901B9F00725226 /* PBXContainerItemProxy */;
			sourceTree = BUILT_PRODUCTS_DIR;
		};
		035AF0F010901C9D00725226 /* Schelling.plugin */ = {
			isa = PBXReferenceProxy;
			fileType = wrapper.cfbundle;
			path = Schelling.plugin;
			remoteRef = 035AF0EF10901C9D00725226 /* PBXContainerItemProxy */;
			sourceTree = BUILT_PRODUCTS_DIR;
		};
/* End PBXReferenceProxy section */

/* Begin PBXResourcesBuildPhase section */
		03A10DAF10B3DC590039B8E4 /* Resources */ = {
			isa = PBXResourcesBuildPhase;
			buildActionMask = 2147483647;
			files = (
			);
			runOnlyForDeploymentPostprocessing = 0;
		};
		8D1107290486CEB800E47090 /* Resources */ = {
			isa = PBXResourcesBuildPhase;
			buildActionMask = 2147483647;
			files = (
				8D11072A0486CEB800E47090 /* MainMenu.old.nib in Resources */,
				8D11072B0486CEB800E47090 /* InfoPlist.strings in Resources */,
				03262E5B0D6A9B71002A1127 /* icon.icns in Resources */,
				03AE61FB0E4C909600C0E469 /* Shuffle.tif in Resources */,
				034DCD9C0E09D1950045943A /* MainMenu.xib in Resources */,
				0365F7BC0E1BCFB20074AA88 /* ALifeWindow.xib in Resources */,
				03B5398A0E2306EA007FCED7 /* ConfigurationWindow.xib in Resources */,
				03B539A30E230B4A007FCED7 /* IntegerOptionView.xib in Resources */,
				0339CDD80E2324D7009C5D0D /* ConfigurationView.xib in Resources */,
				031C416A0E306B0A00E8B508 /* FloatOptionView.xib in Resources */,
				03D46D6F0E592E90000DE764 /* BitmapOptionView.xib in Resources */,
				03D46EDB0E595AB0000DE764 /* Big box.png in Resources */,
				03D46EDC0E595AB0000DE764 /* 3x3 boxes.png in Resources */,
				03D46EDD0E595AB0000DE764 /* Empty boxes.png in Resources */,
				03D46EDE0E595AB0000DE764 /* Stripes.png in Resources */,
				03D46EDF0E595AB0000DE764 /* R-pentomino.png in Resources */,
				03D46EE20E595C77000DE764 /* BuiltInImages.plist in Resources */,
				0351906E0E7DD5CC00205E7B /* record.png in Resources */,
				035190700E7DD65700205E7B /* record_small.png in Resources */,
				0359DC9B0E7F1AA300EEAC01 /* DMQuicktimeExporter.xib in Resources */,
				037880E6106EDA860023E6EA /* TinkerPanel.xib in Resources */,
			);
			runOnlyForDeploymentPostprocessing = 0;
		};
/* End PBXResourcesBuildPhase section */

/* Begin PBXShellScriptBuildPhase section */
		03072B50109FB8B900F9DC20 /* Symlink headless executable */ = {
			isa = PBXShellScriptBuildPhase;
			buildActionMask = 2147483647;
			files = (
			);
			inputPaths = (
			);
			name = "Symlink headless executable";
			outputPaths = (
			);
			runOnlyForDeploymentPostprocessing = 0;
			shellPath = /bin/sh;
			shellScript = "cd $BUILT_PRODUCTS_DIR\nrm -f cocoabugs;\nln -s CocoaBugs.app/Contents/MacOS/HeadlessBugs cocoabugs\n";
		};
		03459F801092DD9400116C5A /* ShellScript */ = {
			isa = PBXShellScriptBuildPhase;
			buildActionMask = 2147483647;
			files = (
			);
			inputPaths = (
			);
			outputPaths = (
			);
			runOnlyForDeploymentPostprocessing = 0;
			shellPath = /bin/sh;
			shellScript = "";
		};
/* End PBXShellScriptBuildPhase section */

/* Begin PBXSourcesBuildPhase section */
		03039EF90E3FCDEC0043E65A /* Sources */ = {
			isa = PBXSourcesBuildPhase;
			buildActionMask = 2147483647;
			files = (
				03039F0A0E3FCECB0043E65A /* headless_main.m in Sources */,
				03039F190E3FCFC90043E65A /* ALifePluginLoader.m in Sources */,
				03EDB3360E4E26F90008990A /* ALifeShuffler.m in Sources */,
				03BEDD300E54A8B600694CD2 /* StatisticsView.m in Sources */,
				03BEDD310E54A8B600694CD2 /* StatisticsController.m in Sources */,
				03BEDD650E54A92500694CD2 /* StatisticsData.m in Sources */,
				03BEDD7C0E54AAC800694CD2 /* ALifeRunExporter.m in Sources */,
				03D46BCF0E58DC30000DE764 /* ALifeSimulationController.m in Sources */,
				03D46D6D0E592E1A000DE764 /* BitmapOptionViewController.m in Sources */,
			);
			runOnlyForDeploymentPostprocessing = 0;
		};
		03A10DB010B3DC590039B8E4 /* Sources */ = {
			isa = PBXSourcesBuildPhase;
			buildActionMask = 2147483647;
			files = (
			);
			runOnlyForDeploymentPostprocessing = 0;
		};
		8D11072C0486CEB800E47090 /* Sources */ = {
			isa = PBXSourcesBuildPhase;
			buildActionMask = 2147483647;
			files = (
				8D11072D0486CEB800E47090 /* main.m in Sources */,
				03039F1D0E3FD0D90043E65A /* ALifePluginLoader.m in Sources */,
				030AE4AF0D87576C00BB9D39 /* StatisticsController.m in Sources */,
				03729EE00D8F1E77009FDBE8 /* StatisticsData.m in Sources */,
				03C26EB90D8F517100D44F7D /* StatisticsView.m in Sources */,
				034DCD950E09CFDB0045943A /* AppController.m in Sources */,
				03D46C8A0E58DE15000DE764 /* ALifeSimulationController.m in Sources */,
				0365F7B80E1BCEC30074AA88 /* ALifeWindowController.m in Sources */,
				03B539880E230663007FCED7 /* ALifeConfigurationWindowController.m in Sources */,
				03B539910E230938007FCED7 /* IntegerOptionViewController.m in Sources */,
				03D46D740E5932B2000DE764 /* BitmapOptionViewController.m in Sources */,
				0339CD9D0E231E7A009C5D0D /* ALifeConfigurationViewController.m in Sources */,
				031C41670E306A7D00E8B508 /* FloatOptionViewController.m in Sources */,
				03A39B880E4E362D00490AE3 /* ALifeShuffler.m in Sources */,
				0351908D0E7DD8D300205E7B /* DMQuicktimeExporter.m in Sources */,
				037880A6106ED41A0023E6EA /* ALifeTinkerPanelController.m in Sources */,
				035AF28410903F6100725226 /* NSDictionary_Merging.m in Sources */,
				03EF0F2B1097AB8200A0ED41 /* ALifeRunExporter.m in Sources */,
			);
			runOnlyForDeploymentPostprocessing = 0;
		};
/* End PBXSourcesBuildPhase section */

/* Begin PBXTargetDependency section */
		03072B45109FB87300F9DC20 /* PBXTargetDependency */ = {
			isa = PBXTargetDependency;
			target = 03039EFB0E3FCDEC0043E65A /* HeadlessBugs */;
			targetProxy = 03072B44109FB87300F9DC20 /* PBXContainerItemProxy */;
		};
		03223F681096BF3000A60416 /* PBXTargetDependency */ = {
			isa = PBXTargetDependency;
			name = Bugs;
			targetProxy = 03223F671096BF3000A60416 /* PBXContainerItemProxy */;
		};
		032240451096C95800A60416 /* PBXTargetDependency */ = {
			isa = PBXTargetDependency;
			name = Schelling;
			targetProxy = 032240441096C95800A60416 /* PBXContainerItemProxy */;
		};
		035AF0D910901C4300725226 /* PBXTargetDependency */ = {
			isa = PBXTargetDependency;
			name = "Packard Bugs Plugin";
			targetProxy = 035AF0D810901C4300725226 /* PBXContainerItemProxy */;
		};
		035AF2151090379C00725226 /* PBXTargetDependency */ = {
			isa = PBXTargetDependency;
			name = Schelling;
			targetProxy = 035AF2141090379C00725226 /* PBXContainerItemProxy */;
		};
		035AF2171090379E00725226 /* PBXTargetDependency */ = {
			isa = PBXTargetDependency;
			name = "Packard Bugs Plugin";
			targetProxy = 035AF2161090379E00725226 /* PBXContainerItemProxy */;
		};
		03DAE2D81096F02B009D10E7 /* PBXTargetDependency */ = {
			isa = PBXTargetDependency;
			name = Bugs;
			targetProxy = 03DAE2D71096F02B009D10E7 /* PBXContainerItemProxy */;
		};
/* End PBXTargetDependency section */

/* Begin PBXVariantGroup section */
		089C165CFE840E0CC02AAC07 /* InfoPlist.strings */ = {
			isa = PBXVariantGroup;
			children = (
				089C165DFE840E0CC02AAC07 /* English */,
			);
			name = InfoPlist.strings;
			sourceTree = "<group>";
		};
		29B97318FDCFA39411CA2CEA /* MainMenu.old.nib */ = {
			isa = PBXVariantGroup;
			children = (
				29B97319FDCFA39411CA2CEA /* English */,
			);
			name = MainMenu.old.nib;
			sourceTree = "<group>";
		};
/* End PBXVariantGroup section */

/* Begin XCBuildConfiguration section */
		03039EFE0E3FCDEC0043E65A /* Debug */ = {
			isa = XCBuildConfiguration;
			buildSettings = {
				ALWAYS_SEARCH_USER_PATHS = NO;
				COPY_PHASE_STRIP = NO;
				FRAMEWORK_SEARCH_PATHS = (
					"$(inherited)",
					"\"$(SRCROOT)/../BugsFramework/build/Release\"",
				);
				GCC_DYNAMIC_NO_PIC = NO;
				GCC_MODEL_TUNING = G5;
				GCC_OPTIMIZATION_LEVEL = 0;
				GCC_PRECOMPILE_PREFIX_HEADER = YES;
				GCC_PREFIX_HEADER = HeadlessBugs_Prefix.pch;
				INSTALL_PATH = /usr/local/bin;
				LIBRARY_SEARCH_PATHS = (
					"$(inherited)",
					"\"$(SRCROOT)/../BugsFramework/build/Release\"",
				);
				OTHER_LDFLAGS = (
					"-framework",
					Foundation,
					"-framework",
					AppKit,
				);
				PRODUCT_NAME = HeadlessBugs;
			};
			name = Debug;
		};
		03039EFF0E3FCDEC0043E65A /* Release */ = {
			isa = XCBuildConfiguration;
			buildSettings = {
				ALWAYS_SEARCH_USER_PATHS = NO;
				COPY_PHASE_STRIP = YES;
				DEBUG_INFORMATION_FORMAT = "dwarf-with-dsym";
				FRAMEWORK_SEARCH_PATHS = (
					"$(inherited)",
					"\"$(SRCROOT)/../BugsFramework/build/Release\"",
				);
				GCC_MODEL_TUNING = G5;
				GCC_PRECOMPILE_PREFIX_HEADER = YES;
				GCC_PREFIX_HEADER = HeadlessBugs_Prefix.pch;
				INSTALL_PATH = /usr/local/bin;
				LIBRARY_SEARCH_PATHS = (
					"$(inherited)",
					"\"$(SRCROOT)/../BugsFramework/build/Release\"",
				);
				OTHER_LDFLAGS = (
					"-framework",
					Foundation,
					"-framework",
					AppKit,
				);
				PRODUCT_NAME = HeadlessBugs;
				ZERO_LINK = NO;
			};
			name = Release;
		};
		03A10DB510B3DC5A0039B8E4 /* Debug */ = {
			isa = XCBuildConfiguration;
			buildSettings = {
				ALWAYS_SEARCH_USER_PATHS = NO;
				COMBINE_HIDPI_IMAGES = YES;
				COPY_PHASE_STRIP = NO;
				GCC_DYNAMIC_NO_PIC = NO;
				GCC_MODEL_TUNING = G5;
				GCC_OPTIMIZATION_LEVEL = 0;
				GCC_PRECOMPILE_PREFIX_HEADER = YES;
				GCC_PREFIX_HEADER = "$(SYSTEM_LIBRARY_DIR)/Frameworks/AppKit.framework/Headers/AppKit.h";
				INFOPLIST_FILE = "GameOfLife.plugin-Info.plist";
				INSTALL_PATH = "$(HOME)/Library/Bundles";
				OTHER_LDFLAGS = (
					"-framework",
					Foundation,
					"-framework",
					AppKit,
				);
				PRODUCT_NAME = GameOfLife.plugin;
				WRAPPER_EXTENSION = bundle;
			};
			name = Debug;
		};
		03A10DB610B3DC5A0039B8E4 /* Release */ = {
			isa = XCBuildConfiguration;
			buildSettings = {
				ALWAYS_SEARCH_USER_PATHS = NO;
				COMBINE_HIDPI_IMAGES = YES;
				COPY_PHASE_STRIP = YES;
				DEBUG_INFORMATION_FORMAT = "dwarf-with-dsym";
				GCC_MODEL_TUNING = G5;
				GCC_PRECOMPILE_PREFIX_HEADER = YES;
				GCC_PREFIX_HEADER = "$(SYSTEM_LIBRARY_DIR)/Frameworks/AppKit.framework/Headers/AppKit.h";
				INFOPLIST_FILE = "GameOfLife.plugin-Info.plist";
				INSTALL_PATH = "$(HOME)/Library/Bundles";
				OTHER_LDFLAGS = (
					"-framework",
					Foundation,
					"-framework",
					AppKit,
				);
				PRODUCT_NAME = GameOfLife.plugin;
				WRAPPER_EXTENSION = bundle;
				ZERO_LINK = NO;
			};
			name = Release;
		};
		C01FCF4B08A954540054247B /* Debug */ = {
			isa = XCBuildConfiguration;
			buildSettings = {
				COMBINE_HIDPI_IMAGES = YES;
				COPY_PHASE_STRIP = NO;
				FRAMEWORK_SEARCH_PATHS = (
					"$(inherited)",
					"\"$(SRCROOT)/../BugsFramework/build/Release\"",
				);
				GCC_DYNAMIC_NO_PIC = NO;
				GCC_MODEL_TUNING = G5;
				GCC_OPTIMIZATION_LEVEL = 0;
				GCC_PRECOMPILE_PREFIX_HEADER = YES;
				GCC_PREFIX_HEADER = CocoaBugs_Prefix.pch;
				INFOPLIST_FILE = Info.plist;
				INSTALL_PATH = "$(HOME)/Applications";
				LIBRARY_SEARCH_PATHS = (
					"$(inherited)",
					"\"$(SRCROOT)/../BugsFramework/build/Release\"",
				);
				PRODUCT_NAME = CocoaBugs;
				WRAPPER_EXTENSION = app;
				ZERO_LINK = YES;
			};
			name = Debug;
		};
		C01FCF4C08A954540054247B /* Release */ = {
			isa = XCBuildConfiguration;
			buildSettings = {
				COMBINE_HIDPI_IMAGES = YES;
				DEBUG_INFORMATION_FORMAT = "dwarf-with-dsym";
				FRAMEWORK_SEARCH_PATHS = (
					"$(inherited)",
					"\"$(SRCROOT)/../BugsFramework/build/Release\"",
				);
				GCC_MODEL_TUNING = G5;
				GCC_PRECOMPILE_PREFIX_HEADER = YES;
				GCC_PREFIX_HEADER = CocoaBugs_Prefix.pch;
				INFOPLIST_FILE = Info.plist;
				INSTALL_PATH = "$(HOME)/Applications";
				LIBRARY_SEARCH_PATHS = (
					"$(inherited)",
					"\"$(SRCROOT)/../BugsFramework/build/Release\"",
				);
				PRODUCT_NAME = CocoaBugs;
				WRAPPER_EXTENSION = app;
			};
			name = Release;
		};
		C01FCF4F08A954540054247B /* Debug */ = {
			isa = XCBuildConfiguration;
			buildSettings = {
				ARCHS = "$(ARCHS_STANDARD_32_64_BIT)";
				DEPLOYMENT_LOCATION = NO;
				GCC_C_LANGUAGE_STANDARD = c99;
				GCC_ENABLE_OBJC_GC = supported;
				GCC_WARN_ABOUT_RETURN_TYPE = YES;
				GCC_WARN_UNUSED_VARIABLE = YES;
				INSTALL_PATH = "";
				SDKROOT = macosx;
			};
			name = Debug;
		};
		C01FCF5008A954540054247B /* Release */ = {
			isa = XCBuildConfiguration;
			buildSettings = {
				ARCHS = "$(ARCHS_STANDARD_32_64_BIT)";
				DEPLOYMENT_LOCATION = NO;
				GCC_C_LANGUAGE_STANDARD = c99;
				GCC_ENABLE_OBJC_GC = unsupported;
				GCC_WARN_ABOUT_RETURN_TYPE = YES;
				GCC_WARN_UNUSED_VARIABLE = YES;
				INSTALL_PATH = "";
				SDKROOT = macosx;
			};
			name = Release;
		};
/* End XCBuildConfiguration section */

/* Begin XCConfigurationList section */
		03039F060E3FCE010043E65A /* Build configuration list for PBXNativeTarget "HeadlessBugs" */ = {
			isa = XCConfigurationList;
			buildConfigurations = (
				03039EFE0E3FCDEC0043E65A /* Debug */,
				03039EFF0E3FCDEC0043E65A /* Release */,
			);
			defaultConfigurationIsVisible = 0;
			defaultConfigurationName = Release;
		};
		03A10DB710B3DC5A0039B8E4 /* Build configuration list for PBXNativeTarget "GameOfLife.plugin" */ = {
			isa = XCConfigurationList;
			buildConfigurations = (
				03A10DB510B3DC5A0039B8E4 /* Debug */,
				03A10DB610B3DC5A0039B8E4 /* Release */,
			);
			defaultConfigurationIsVisible = 0;
			defaultConfigurationName = Release;
		};
		C01FCF4A08A954540054247B /* Build configuration list for PBXNativeTarget "CocoaBugs" */ = {
			isa = XCConfigurationList;
			buildConfigurations = (
				C01FCF4B08A954540054247B /* Debug */,
				C01FCF4C08A954540054247B /* Release */,
			);
			defaultConfigurationIsVisible = 0;
			defaultConfigurationName = Release;
		};
		C01FCF4E08A954540054247B /* Build configuration list for PBXProject "CocoaBugs" */ = {
			isa = XCConfigurationList;
			buildConfigurations = (
				C01FCF4F08A954540054247B /* Debug */,
				C01FCF5008A954540054247B /* Release */,
			);
			defaultConfigurationIsVisible = 0;
			defaultConfigurationName = Release;
		};
/* End XCConfigurationList section */
	};
	rootObject = 29B97313FDCFA39411CA2CEA /* Project object */;
}
